// !$*UTF8*$!
{
	archiveVersion = 1;
	classes = {
	};
	objectVersion = 50;
	objects = {

/* Begin PBXBuildFile section */
		070A2B27E6394149AE149242 /* Pods_Shifree.framework in Frameworks */ = {isa = PBXBuildFile; fileRef = AF30C6A99A35CDACE652D357 /* Pods_Shifree.framework */; };
		3700319D20EDDC2800813685 /* ColorCell.swift in Sources */ = {isa = PBXBuildFile; fileRef = 3700319B20EDDC2800813685 /* ColorCell.swift */; };
		3700319E20EDDC2800813685 /* ColorCell.xib in Resources */ = {isa = PBXBuildFile; fileRef = 3700319C20EDDC2800813685 /* ColorCell.xib */; };
		370031A120EDE2B600813685 /* ColorSchemeViewModel.swift in Sources */ = {isa = PBXBuildFile; fileRef = 3700319F20EDE2B600813685 /* ColorSchemeViewModel.swift */; };
		370031A220EDE2B600813685 /* ColorSchemeViewPresenter.swift in Sources */ = {isa = PBXBuildFile; fileRef = 370031A020EDE2B600813685 /* ColorSchemeViewPresenter.swift */; };
		370031A420EDE31500813685 /* PopUpColorViewEntity.swift in Sources */ = {isa = PBXBuildFile; fileRef = 370031A320EDE31500813685 /* PopUpColorViewEntity.swift */; };
		370A2FFA212DB82600B8082F /* UpdateTitleViewPresenter.swift in Sources */ = {isa = PBXBuildFile; fileRef = 370A2FF7212DB82600B8082F /* UpdateTitleViewPresenter.swift */; };
		370A2FFB212DB82600B8082F /* UpdateTitleViewModel.swift in Sources */ = {isa = PBXBuildFile; fileRef = 370A2FF8212DB82600B8082F /* UpdateTitleViewModel.swift */; };
		370A2FFC212DB82600B8082F /* UpdateTitleViewController.swift in Sources */ = {isa = PBXBuildFile; fileRef = 370A2FF9212DB82600B8082F /* UpdateTitleViewController.swift */; };
		3711CDB12139CD57000FFC29 /* Share.swift in Sources */ = {isa = PBXBuildFile; fileRef = 3711CDB02139CD56000FFC29 /* Share.swift */; };
		3720A2B1216B1987005E1A4E /* ExportViewController.swift in Sources */ = {isa = PBXBuildFile; fileRef = 3720A2AE216B1987005E1A4E /* ExportViewController.swift */; };
		3720A2B2216B1987005E1A4E /* ExportViewModel.swift in Sources */ = {isa = PBXBuildFile; fileRef = 3720A2AF216B1987005E1A4E /* ExportViewModel.swift */; };
		3720A2B3216B1987005E1A4E /* ExportViewPresenter.swift in Sources */ = {isa = PBXBuildFile; fileRef = 3720A2B0216B1987005E1A4E /* ExportViewPresenter.swift */; };
		3720A2B5216B5E43005E1A4E /* ExportViewEntity.swift in Sources */ = {isa = PBXBuildFile; fileRef = 3720A2B4216B5E43005E1A4E /* ExportViewEntity.swift */; };
		3729107420E7EE3D00931BEA /* PopUpColorViewPresenter.swift in Sources */ = {isa = PBXBuildFile; fileRef = 3729107320E7EE3D00931BEA /* PopUpColorViewPresenter.swift */; };
		3729107620E7EE4C00931BEA /* PopUpColorViewModel.swift in Sources */ = {isa = PBXBuildFile; fileRef = 3729107520E7EE4C00931BEA /* PopUpColorViewModel.swift */; };
		37326C3720DE955D00A60B00 /* Utility.swift in Sources */ = {isa = PBXBuildFile; fileRef = 37326C3620DE955D00A60B00 /* Utility.swift */; };
		37326C3920DEC79200A60B00 /* Extensions.swift in Sources */ = {isa = PBXBuildFile; fileRef = 37326C3820DEC79200A60B00 /* Extensions.swift */; };
		37326C3B20DEC85E00A60B00 /* Enum.swift in Sources */ = {isa = PBXBuildFile; fileRef = 37326C3A20DEC85E00A60B00 /* Enum.swift */; };
		37326C3F20DFD98500A60B00 /* Setting.swift in Sources */ = {isa = PBXBuildFile; fileRef = 37326C3E20DFD98500A60B00 /* Setting.swift */; };
		37326C4620E14B6500A60B00 /* CalendarViewPresenter.swift in Sources */ = {isa = PBXBuildFile; fileRef = 37326C4520E14B6500A60B00 /* CalendarViewPresenter.swift */; };
		37326C4820E14B7500A60B00 /* CalendarViewModel.swift in Sources */ = {isa = PBXBuildFile; fileRef = 37326C4720E14B7500A60B00 /* CalendarViewModel.swift */; };
		373F36D820E7CCCD0079B28F /* PopUpColorViewController.swift in Sources */ = {isa = PBXBuildFile; fileRef = 373F36D720E7CCCD0079B28F /* PopUpColorViewController.swift */; };
		37425CB620DE568C005A3C93 /* SignUpViewController.swift in Sources */ = {isa = PBXBuildFile; fileRef = 37425CB520DE568C005A3C93 /* SignUpViewController.swift */; };
		37425CB820DE6064005A3C93 /* Main.storyboard in Resources */ = {isa = PBXBuildFile; fileRef = 37425CB720DE6064005A3C93 /* Main.storyboard */; };
		37425CBA20DE68AF005A3C93 /* SignUpViewPresenter.swift in Sources */ = {isa = PBXBuildFile; fileRef = 37425CB920DE68AF005A3C93 /* SignUpViewPresenter.swift */; };
		37425CBC20DE700A005A3C93 /* SignUpViewModel.swift in Sources */ = {isa = PBXBuildFile; fileRef = 37425CBB20DE700A005A3C93 /* SignUpViewModel.swift */; };
		37425CBE20DE70AE005A3C93 /* API.swift in Sources */ = {isa = PBXBuildFile; fileRef = 37425CBD20DE70AE005A3C93 /* API.swift */; };
		37425CC320DE893E005A3C93 /* CalendarViewController.swift in Sources */ = {isa = PBXBuildFile; fileRef = 37425CC220DE893E005A3C93 /* CalendarViewController.swift */; };
		37429339215D3DAD0032066D /* PrivacyPolicyViewModel.swift in Sources */ = {isa = PBXBuildFile; fileRef = 37429336215D3DAD0032066D /* PrivacyPolicyViewModel.swift */; };
		3742933A215D3DAD0032066D /* PrivacyPolicyViewController.swift in Sources */ = {isa = PBXBuildFile; fileRef = 37429337215D3DAD0032066D /* PrivacyPolicyViewController.swift */; };
		3742933B215D3DAD0032066D /* PrivacyPolicyViewPresenter.swift in Sources */ = {isa = PBXBuildFile; fileRef = 37429338215D3DAD0032066D /* PrivacyPolicyViewPresenter.swift */; };
		374AA6C7215DE99B00E37686 /* ContactViewModel.swift in Sources */ = {isa = PBXBuildFile; fileRef = 374AA6C4215DE99B00E37686 /* ContactViewModel.swift */; };
		374AA6C8215DE99B00E37686 /* ContactViewPresenter.swift in Sources */ = {isa = PBXBuildFile; fileRef = 374AA6C5215DE99B00E37686 /* ContactViewPresenter.swift */; };
		374AA6C9215DE99B00E37686 /* ContactViewController.swift in Sources */ = {isa = PBXBuildFile; fileRef = 374AA6C6215DE99B00E37686 /* ContactViewController.swift */; };
		3755199F20E50F9B00EC930B /* CalendarDetailViewController.swift in Sources */ = {isa = PBXBuildFile; fileRef = 3755199E20E50F9B00EC930B /* CalendarDetailViewController.swift */; };
		375519A120E50FB700EC930B /* CalendarDetailViewPresenter.swift in Sources */ = {isa = PBXBuildFile; fileRef = 375519A020E50FB700EC930B /* CalendarDetailViewPresenter.swift */; };
		375519A320E50FC700EC930B /* CalendarDetailViewModel.swift in Sources */ = {isa = PBXBuildFile; fileRef = 375519A220E50FC700EC930B /* CalendarDetailViewModel.swift */; };
		375519A620E5BADA00EC930B /* CalendarViewEntity.swift in Sources */ = {isa = PBXBuildFile; fileRef = 375519A520E5BADA00EC930B /* CalendarViewEntity.swift */; };
		375519A920E75C7B00EC930B /* CalendarDetailViewEntity.swift in Sources */ = {isa = PBXBuildFile; fileRef = 375519A820E75C7B00EC930B /* CalendarDetailViewEntity.swift */; };
		3765CD6120F0D9140031D235 /* FileBrowseTopViewModel.swift in Sources */ = {isa = PBXBuildFile; fileRef = 3765CD5E20F0D9140031D235 /* FileBrowseTopViewModel.swift */; };
		3765CD6220F0D9140031D235 /* FileBrowseTopViewPresenter.swift in Sources */ = {isa = PBXBuildFile; fileRef = 3765CD5F20F0D9140031D235 /* FileBrowseTopViewPresenter.swift */; };
		3765CD6320F0D9140031D235 /* FileBrowseTopViewController.swift in Sources */ = {isa = PBXBuildFile; fileRef = 3765CD6020F0D9140031D235 /* FileBrowseTopViewController.swift */; };
		3765CD6920F0D9D10031D235 /* FileBrowseDetailViewPresenter.swift in Sources */ = {isa = PBXBuildFile; fileRef = 3765CD6620F0D9D10031D235 /* FileBrowseDetailViewPresenter.swift */; };
		3765CD6A20F0D9D10031D235 /* FileBrowseDetailViewController.swift in Sources */ = {isa = PBXBuildFile; fileRef = 3765CD6720F0D9D10031D235 /* FileBrowseDetailViewController.swift */; };
		3765CD6B20F0D9D10031D235 /* FileBrowseDetailViewModel.swift in Sources */ = {isa = PBXBuildFile; fileRef = 3765CD6820F0D9D10031D235 /* FileBrowseDetailViewModel.swift */; };
		3765CD6E20F0E7880031D235 /* FileBrowseCell.swift in Sources */ = {isa = PBXBuildFile; fileRef = 3765CD6C20F0E7880031D235 /* FileBrowseCell.swift */; };
		3765CD6F20F0E7880031D235 /* FileBrowseCell.xib in Resources */ = {isa = PBXBuildFile; fileRef = 3765CD6D20F0E7880031D235 /* FileBrowseCell.xib */; };
		3765CD7120F0EDCF0031D235 /* FileBrowseTopViewEntity.swift in Sources */ = {isa = PBXBuildFile; fileRef = 3765CD7020F0EDCF0031D235 /* FileBrowseTopViewEntity.swift */; };
		3769F6FB20EC960600BA8920 /* UserListViewModel.swift in Sources */ = {isa = PBXBuildFile; fileRef = 3769F6F820EC960600BA8920 /* UserListViewModel.swift */; };
		3769F6FC20EC960600BA8920 /* UserListViewPresenter.swift in Sources */ = {isa = PBXBuildFile; fileRef = 3769F6F920EC960600BA8920 /* UserListViewPresenter.swift */; };
		3769F6FD20EC960600BA8920 /* UserListViewController.swift in Sources */ = {isa = PBXBuildFile; fileRef = 3769F6FA20EC960600BA8920 /* UserListViewController.swift */; };
		3772662820EA70CE0056D3D0 /* UserListSettingViewModel.swift in Sources */ = {isa = PBXBuildFile; fileRef = 3772662520EA70CE0056D3D0 /* UserListSettingViewModel.swift */; };
		3772662920EA70CE0056D3D0 /* UserListSettingViewPresenter.swift in Sources */ = {isa = PBXBuildFile; fileRef = 3772662620EA70CE0056D3D0 /* UserListSettingViewPresenter.swift */; };
		3772662A20EA70CE0056D3D0 /* UserListViewEntity.swift in Sources */ = {isa = PBXBuildFile; fileRef = 3772662720EA70CE0056D3D0 /* UserListViewEntity.swift */; };
		378E382B20E9957F003BB689 /* ShiftCategoryViewModel.swift in Sources */ = {isa = PBXBuildFile; fileRef = 378E382920E9957F003BB689 /* ShiftCategoryViewModel.swift */; };
		378E382C20E9957F003BB689 /* ShiftCategoryViewPresenter.swift in Sources */ = {isa = PBXBuildFile; fileRef = 378E382A20E9957F003BB689 /* ShiftCategoryViewPresenter.swift */; };
		378E382E20EA02EC003BB689 /* ShiftCategoryViewEntity.swift in Sources */ = {isa = PBXBuildFile; fileRef = 378E382D20EA02EC003BB689 /* ShiftCategoryViewEntity.swift */; };
		379032F820F13F7E00C2534F /* FileBrowseDetailViewEntity.swift in Sources */ = {isa = PBXBuildFile; fileRef = 379032F720F13F7E00C2534F /* FileBrowseDetailViewEntity.swift */; };
		379032FB20F1A3F200C2534F /* CommentCell.swift in Sources */ = {isa = PBXBuildFile; fileRef = 379032F920F1A3F200C2534F /* CommentCell.swift */; };
		379032FC20F1A3F200C2534F /* CommentCell.xib in Resources */ = {isa = PBXBuildFile; fileRef = 379032FA20F1A3F200C2534F /* CommentCell.xib */; };
		3790330420F1EA9100C2534F /* EditCommentViewModel.swift in Sources */ = {isa = PBXBuildFile; fileRef = 3790330120F1EA9100C2534F /* EditCommentViewModel.swift */; };
		3790330520F1EA9100C2534F /* EditCommentViewPresenter.swift in Sources */ = {isa = PBXBuildFile; fileRef = 3790330220F1EA9100C2534F /* EditCommentViewPresenter.swift */; };
		3790330620F1EA9100C2534F /* EditCommentViewController.swift in Sources */ = {isa = PBXBuildFile; fileRef = 3790330320F1EA9100C2534F /* EditCommentViewController.swift */; };
		37A69B0F20E8308C004E8C66 /* UserTopViewController.swift in Sources */ = {isa = PBXBuildFile; fileRef = 37A69B0C20E8308B004E8C66 /* UserTopViewController.swift */; };
		37A69B1020E8308C004E8C66 /* UserTopViewPresenter.swift in Sources */ = {isa = PBXBuildFile; fileRef = 37A69B0D20E8308C004E8C66 /* UserTopViewPresenter.swift */; };
		37A69B1420E897AE004E8C66 /* UserTopViewModel.swift in Sources */ = {isa = PBXBuildFile; fileRef = 37A69B1320E897AE004E8C66 /* UserTopViewModel.swift */; };
		37A69B1820E89D19004E8C66 /* UserListSettingViewController.swift in Sources */ = {isa = PBXBuildFile; fileRef = 37A69B1720E89D19004E8C66 /* UserListSettingViewController.swift */; };
		37A69B1A20E89D28004E8C66 /* ShiftCategoryViewController.swift in Sources */ = {isa = PBXBuildFile; fileRef = 37A69B1920E89D28004E8C66 /* ShiftCategoryViewController.swift */; };
		37A69B1D20E8A09A004E8C66 /* WageViewController.swift in Sources */ = {isa = PBXBuildFile; fileRef = 37A69B1C20E8A09A004E8C66 /* WageViewController.swift */; };
		37A69B2020E8A0B0004E8C66 /* UserNameViewController.swift in Sources */ = {isa = PBXBuildFile; fileRef = 37A69B1F20E8A0B0004E8C66 /* UserNameViewController.swift */; };
		37A69B2320E8A0C2004E8C66 /* PasswordViewController.swift in Sources */ = {isa = PBXBuildFile; fileRef = 37A69B2220E8A0C2004E8C66 /* PasswordViewController.swift */; };
		37A69B2620E8A0EC004E8C66 /* ColorSchemeViewController.swift in Sources */ = {isa = PBXBuildFile; fileRef = 37A69B2520E8A0EC004E8C66 /* ColorSchemeViewController.swift */; };
		37A69B2920E8A162004E8C66 /* SalaryViewController.swift in Sources */ = {isa = PBXBuildFile; fileRef = 37A69B2820E8A162004E8C66 /* SalaryViewController.swift */; };
		37A69B2B20E8D3D6004E8C66 /* UserNameViewPresenter.swift in Sources */ = {isa = PBXBuildFile; fileRef = 37A69B2A20E8D3D6004E8C66 /* UserNameViewPresenter.swift */; };
		37A69B2D20E8D3E1004E8C66 /* UserNameViewModel.swift in Sources */ = {isa = PBXBuildFile; fileRef = 37A69B2C20E8D3E1004E8C66 /* UserNameViewModel.swift */; };
		37A69B3320E957F2004E8C66 /* WageViewPresenter.swift in Sources */ = {isa = PBXBuildFile; fileRef = 37A69B3120E957F1004E8C66 /* WageViewPresenter.swift */; };
		37A69B3420E957F2004E8C66 /* WageViewModel.swift in Sources */ = {isa = PBXBuildFile; fileRef = 37A69B3220E957F1004E8C66 /* WageViewModel.swift */; };
		37A69B3620E97F80004E8C66 /* WageViewEntity.swift in Sources */ = {isa = PBXBuildFile; fileRef = 37A69B3520E97F80004E8C66 /* WageViewEntity.swift */; };
		37A69B3920E986F6004E8C66 /* PasswordViewPresenter.swift in Sources */ = {isa = PBXBuildFile; fileRef = 37A69B3720E986F5004E8C66 /* PasswordViewPresenter.swift */; };
		37A69B3A20E986F6004E8C66 /* PasswordViewModel.swift in Sources */ = {isa = PBXBuildFile; fileRef = 37A69B3820E986F6004E8C66 /* PasswordViewModel.swift */; };
		37C05D332154049E00CFCCEC /* FollowSettingViewController.swift in Sources */ = {isa = PBXBuildFile; fileRef = 37C05D302154049E00CFCCEC /* FollowSettingViewController.swift */; };
		37C05D342154049E00CFCCEC /* FollowSettingViewModel.swift in Sources */ = {isa = PBXBuildFile; fileRef = 37C05D312154049E00CFCCEC /* FollowSettingViewModel.swift */; };
		37C05D352154049E00CFCCEC /* FollowSettingViewPresenter.swift in Sources */ = {isa = PBXBuildFile; fileRef = 37C05D322154049E00CFCCEC /* FollowSettingViewPresenter.swift */; };
		37C0CCDC20F20B54003D650F /* AddCommentViewPresenter.swift in Sources */ = {isa = PBXBuildFile; fileRef = 37C0CCD920F20B54003D650F /* AddCommentViewPresenter.swift */; };
		37C0CCDD20F20B54003D650F /* AddCommentViewModel.swift in Sources */ = {isa = PBXBuildFile; fileRef = 37C0CCDA20F20B54003D650F /* AddCommentViewModel.swift */; };
		37C0CCDE20F20B54003D650F /* AddCommentViewController.swift in Sources */ = {isa = PBXBuildFile; fileRef = 37C0CCDB20F20B54003D650F /* AddCommentViewController.swift */; };
		37C168AA20EE82C7003A453A /* ShiftViewPresenter.swift in Sources */ = {isa = PBXBuildFile; fileRef = 37C168A620EE82C7003A453A /* ShiftViewPresenter.swift */; };
		37C168AB20EE82C7003A453A /* ShiftViewModel.swift in Sources */ = {isa = PBXBuildFile; fileRef = 37C168A720EE82C7003A453A /* ShiftViewModel.swift */; };
		37C168AC20EE82C7003A453A /* ShiftViewController.swift in Sources */ = {isa = PBXBuildFile; fileRef = 37C168A820EE82C7003A453A /* ShiftViewController.swift */; };
		37C168AD20EE82C7003A453A /* ShiftViewEntity.swift in Sources */ = {isa = PBXBuildFile; fileRef = 37C168A920EE82C7003A453A /* ShiftViewEntity.swift */; };
		37C168B020EEB2DA003A453A /* ShiftSettingDetailViewController.swift in Sources */ = {isa = PBXBuildFile; fileRef = 37C168AF20EEB2DA003A453A /* ShiftSettingDetailViewController.swift */; };
		37C168B320F0308F003A453A /* SalaryViewPresenter.swift in Sources */ = {isa = PBXBuildFile; fileRef = 37C168B120F0308D003A453A /* SalaryViewPresenter.swift */; };
		37C168B420F0308F003A453A /* SalaryViewModel.swift in Sources */ = {isa = PBXBuildFile; fileRef = 37C168B220F0308E003A453A /* SalaryViewModel.swift */; };
		37C168B620F031BE003A453A /* SalaryViewEntity.swift in Sources */ = {isa = PBXBuildFile; fileRef = 37C168B520F031BE003A453A /* SalaryViewEntity.swift */; };
		37C771AE216DDB2600AC7E9D /* SearchShiftViewPresenter.swift in Sources */ = {isa = PBXBuildFile; fileRef = 37C771AB216DDB2500AC7E9D /* SearchShiftViewPresenter.swift */; };
		37C771AF216DDB2600AC7E9D /* SearchShiftViewController.swift in Sources */ = {isa = PBXBuildFile; fileRef = 37C771AC216DDB2500AC7E9D /* SearchShiftViewController.swift */; };
		37C771B0216DDB2600AC7E9D /* SearchShiftViewModel.swift in Sources */ = {isa = PBXBuildFile; fileRef = 37C771AD216DDB2500AC7E9D /* SearchShiftViewModel.swift */; };
		37CC330220EA87320059C8D7 /* UserListSettingDetailViewController.swift in Sources */ = {isa = PBXBuildFile; fileRef = 37CC330120EA87320059C8D7 /* UserListSettingDetailViewController.swift */; };
		37DE67A320F4797400DB7EBC /* ShiftImportViewController.swift in Sources */ = {isa = PBXBuildFile; fileRef = 37DE67A020F4797400DB7EBC /* ShiftImportViewController.swift */; };
		37DE67A420F4797400DB7EBC /* ShiftImportViewPresenter.swift in Sources */ = {isa = PBXBuildFile; fileRef = 37DE67A120F4797400DB7EBC /* ShiftImportViewPresenter.swift */; };
		37DE67A520F4797400DB7EBC /* ShiftImportViewModel.swift in Sources */ = {isa = PBXBuildFile; fileRef = 37DE67A220F4797400DB7EBC /* ShiftImportViewModel.swift */; };
		37DE67AB20F589C700DB7EBC /* UnknownViewPresenter.swift in Sources */ = {isa = PBXBuildFile; fileRef = 37DE67A820F589C600DB7EBC /* UnknownViewPresenter.swift */; };
		37DE67AC20F589C700DB7EBC /* UnknownViewModel.swift in Sources */ = {isa = PBXBuildFile; fileRef = 37DE67A920F589C700DB7EBC /* UnknownViewModel.swift */; };
		37DE67AD20F589C700DB7EBC /* UnknownViewController.swift in Sources */ = {isa = PBXBuildFile; fileRef = 37DE67AA20F589C700DB7EBC /* UnknownViewController.swift */; };
		37DE67AF20F58A2900DB7EBC /* UnknownViewEntity.swift in Sources */ = {isa = PBXBuildFile; fileRef = 37DE67AE20F58A2900DB7EBC /* UnknownViewEntity.swift */; };
		37DE67B420F6465000DB7EBC /* AddShiftViewPresenter.swift in Sources */ = {isa = PBXBuildFile; fileRef = 37DE67B120F6465000DB7EBC /* AddShiftViewPresenter.swift */; };
		37DE67B520F6465000DB7EBC /* AddShiftViewModel.swift in Sources */ = {isa = PBXBuildFile; fileRef = 37DE67B220F6465000DB7EBC /* AddShiftViewModel.swift */; };
		37DE67B620F6465000DB7EBC /* AddShiftViewController.swift in Sources */ = {isa = PBXBuildFile; fileRef = 37DE67B320F6465000DB7EBC /* AddShiftViewController.swift */; };
		37DE67BB20F7A44700DB7EBC /* NotificationViewController.swift in Sources */ = {isa = PBXBuildFile; fileRef = 37DE67B820F7A44600DB7EBC /* NotificationViewController.swift */; };
		37DE67BC20F7A44700DB7EBC /* NotificationViewModel.swift in Sources */ = {isa = PBXBuildFile; fileRef = 37DE67B920F7A44600DB7EBC /* NotificationViewModel.swift */; };
		37DE67BD20F7A44700DB7EBC /* NotificationViewPresenter.swift in Sources */ = {isa = PBXBuildFile; fileRef = 37DE67BA20F7A44600DB7EBC /* NotificationViewPresenter.swift */; };
		37FF360720DD4CFE00FB2C68 /* AppDelegate.swift in Sources */ = {isa = PBXBuildFile; fileRef = 37FF360620DD4CFE00FB2C68 /* AppDelegate.swift */; };
		37FF361020DD4D0200FB2C68 /* Assets.xcassets in Resources */ = {isa = PBXBuildFile; fileRef = 37FF360F20DD4D0200FB2C68 /* Assets.xcassets */; };
		37FF361320DD4D0200FB2C68 /* LaunchScreen.storyboard in Resources */ = {isa = PBXBuildFile; fileRef = 37FF361120DD4D0200FB2C68 /* LaunchScreen.storyboard */; };
/* End PBXBuildFile section */

/* Begin PBXFileReference section */
		07A5E603DEFA18B1909DC9A8 /* Pods-Shifree.debug.xcconfig */ = {isa = PBXFileReference; includeInIndex = 1; lastKnownFileType = text.xcconfig; name = "Pods-Shifree.debug.xcconfig"; path = "Pods/Target Support Files/Pods-Shifree/Pods-Shifree.debug.xcconfig"; sourceTree = "<group>"; };
		3700319B20EDDC2800813685 /* ColorCell.swift */ = {isa = PBXFileReference; lastKnownFileType = sourcecode.swift; path = ColorCell.swift; sourceTree = "<group>"; };
		3700319C20EDDC2800813685 /* ColorCell.xib */ = {isa = PBXFileReference; lastKnownFileType = file.xib; path = ColorCell.xib; sourceTree = "<group>"; };
		3700319F20EDE2B600813685 /* ColorSchemeViewModel.swift */ = {isa = PBXFileReference; fileEncoding = 4; lastKnownFileType = sourcecode.swift; path = ColorSchemeViewModel.swift; sourceTree = "<group>"; };
		370031A020EDE2B600813685 /* ColorSchemeViewPresenter.swift */ = {isa = PBXFileReference; fileEncoding = 4; lastKnownFileType = sourcecode.swift; path = ColorSchemeViewPresenter.swift; sourceTree = "<group>"; };
		370031A320EDE31500813685 /* PopUpColorViewEntity.swift */ = {isa = PBXFileReference; lastKnownFileType = sourcecode.swift; path = PopUpColorViewEntity.swift; sourceTree = "<group>"; };
		370A2FF7212DB82600B8082F /* UpdateTitleViewPresenter.swift */ = {isa = PBXFileReference; fileEncoding = 4; lastKnownFileType = sourcecode.swift; path = UpdateTitleViewPresenter.swift; sourceTree = "<group>"; };
		370A2FF8212DB82600B8082F /* UpdateTitleViewModel.swift */ = {isa = PBXFileReference; fileEncoding = 4; lastKnownFileType = sourcecode.swift; path = UpdateTitleViewModel.swift; sourceTree = "<group>"; };
		370A2FF9212DB82600B8082F /* UpdateTitleViewController.swift */ = {isa = PBXFileReference; fileEncoding = 4; lastKnownFileType = sourcecode.swift; path = UpdateTitleViewController.swift; sourceTree = "<group>"; };
		3711CDB02139CD56000FFC29 /* Share.swift */ = {isa = PBXFileReference; lastKnownFileType = sourcecode.swift; path = Share.swift; sourceTree = "<group>"; };
		3720A2AE216B1987005E1A4E /* ExportViewController.swift */ = {isa = PBXFileReference; fileEncoding = 4; lastKnownFileType = sourcecode.swift; path = ExportViewController.swift; sourceTree = "<group>"; };
		3720A2AF216B1987005E1A4E /* ExportViewModel.swift */ = {isa = PBXFileReference; fileEncoding = 4; lastKnownFileType = sourcecode.swift; path = ExportViewModel.swift; sourceTree = "<group>"; };
		3720A2B0216B1987005E1A4E /* ExportViewPresenter.swift */ = {isa = PBXFileReference; fileEncoding = 4; lastKnownFileType = sourcecode.swift; path = ExportViewPresenter.swift; sourceTree = "<group>"; };
		3720A2B4216B5E43005E1A4E /* ExportViewEntity.swift */ = {isa = PBXFileReference; lastKnownFileType = sourcecode.swift; path = ExportViewEntity.swift; sourceTree = "<group>"; };
		3729107320E7EE3D00931BEA /* PopUpColorViewPresenter.swift */ = {isa = PBXFileReference; lastKnownFileType = sourcecode.swift; path = PopUpColorViewPresenter.swift; sourceTree = "<group>"; };
		3729107520E7EE4C00931BEA /* PopUpColorViewModel.swift */ = {isa = PBXFileReference; lastKnownFileType = sourcecode.swift; path = PopUpColorViewModel.swift; sourceTree = "<group>"; };
		37326C3620DE955D00A60B00 /* Utility.swift */ = {isa = PBXFileReference; lastKnownFileType = sourcecode.swift; path = Utility.swift; sourceTree = "<group>"; };
		37326C3820DEC79200A60B00 /* Extensions.swift */ = {isa = PBXFileReference; lastKnownFileType = sourcecode.swift; path = Extensions.swift; sourceTree = "<group>"; };
		37326C3A20DEC85E00A60B00 /* Enum.swift */ = {isa = PBXFileReference; lastKnownFileType = sourcecode.swift; path = Enum.swift; sourceTree = "<group>"; };
		37326C3E20DFD98500A60B00 /* Setting.swift */ = {isa = PBXFileReference; lastKnownFileType = sourcecode.swift; path = Setting.swift; sourceTree = "<group>"; };
		37326C4520E14B6500A60B00 /* CalendarViewPresenter.swift */ = {isa = PBXFileReference; lastKnownFileType = sourcecode.swift; path = CalendarViewPresenter.swift; sourceTree = "<group>"; };
		37326C4720E14B7500A60B00 /* CalendarViewModel.swift */ = {isa = PBXFileReference; lastKnownFileType = sourcecode.swift; path = CalendarViewModel.swift; sourceTree = "<group>"; };
		373F36D720E7CCCD0079B28F /* PopUpColorViewController.swift */ = {isa = PBXFileReference; lastKnownFileType = sourcecode.swift; path = PopUpColorViewController.swift; sourceTree = "<group>"; };
		37425CB520DE568C005A3C93 /* SignUpViewController.swift */ = {isa = PBXFileReference; lastKnownFileType = sourcecode.swift; path = SignUpViewController.swift; sourceTree = "<group>"; };
		37425CB720DE6064005A3C93 /* Main.storyboard */ = {isa = PBXFileReference; lastKnownFileType = file.storyboard; path = Main.storyboard; sourceTree = "<group>"; };
		37425CB920DE68AF005A3C93 /* SignUpViewPresenter.swift */ = {isa = PBXFileReference; lastKnownFileType = sourcecode.swift; path = SignUpViewPresenter.swift; sourceTree = "<group>"; };
		37425CBB20DE700A005A3C93 /* SignUpViewModel.swift */ = {isa = PBXFileReference; lastKnownFileType = sourcecode.swift; path = SignUpViewModel.swift; sourceTree = "<group>"; };
		37425CBD20DE70AE005A3C93 /* API.swift */ = {isa = PBXFileReference; lastKnownFileType = sourcecode.swift; path = API.swift; sourceTree = "<group>"; };
		37425CC220DE893E005A3C93 /* CalendarViewController.swift */ = {isa = PBXFileReference; lastKnownFileType = sourcecode.swift; path = CalendarViewController.swift; sourceTree = "<group>"; };
		37429336215D3DAD0032066D /* PrivacyPolicyViewModel.swift */ = {isa = PBXFileReference; fileEncoding = 4; lastKnownFileType = sourcecode.swift; path = PrivacyPolicyViewModel.swift; sourceTree = "<group>"; };
		37429337215D3DAD0032066D /* PrivacyPolicyViewController.swift */ = {isa = PBXFileReference; fileEncoding = 4; lastKnownFileType = sourcecode.swift; path = PrivacyPolicyViewController.swift; sourceTree = "<group>"; };
		37429338215D3DAD0032066D /* PrivacyPolicyViewPresenter.swift */ = {isa = PBXFileReference; fileEncoding = 4; lastKnownFileType = sourcecode.swift; path = PrivacyPolicyViewPresenter.swift; sourceTree = "<group>"; };
		374AA6C4215DE99B00E37686 /* ContactViewModel.swift */ = {isa = PBXFileReference; fileEncoding = 4; lastKnownFileType = sourcecode.swift; path = ContactViewModel.swift; sourceTree = "<group>"; };
		374AA6C5215DE99B00E37686 /* ContactViewPresenter.swift */ = {isa = PBXFileReference; fileEncoding = 4; lastKnownFileType = sourcecode.swift; path = ContactViewPresenter.swift; sourceTree = "<group>"; };
		374AA6C6215DE99B00E37686 /* ContactViewController.swift */ = {isa = PBXFileReference; fileEncoding = 4; lastKnownFileType = sourcecode.swift; path = ContactViewController.swift; sourceTree = "<group>"; };
		3755199E20E50F9B00EC930B /* CalendarDetailViewController.swift */ = {isa = PBXFileReference; lastKnownFileType = sourcecode.swift; path = CalendarDetailViewController.swift; sourceTree = "<group>"; };
		375519A020E50FB700EC930B /* CalendarDetailViewPresenter.swift */ = {isa = PBXFileReference; lastKnownFileType = sourcecode.swift; path = CalendarDetailViewPresenter.swift; sourceTree = "<group>"; };
		375519A220E50FC700EC930B /* CalendarDetailViewModel.swift */ = {isa = PBXFileReference; lastKnownFileType = sourcecode.swift; path = CalendarDetailViewModel.swift; sourceTree = "<group>"; };
		375519A520E5BADA00EC930B /* CalendarViewEntity.swift */ = {isa = PBXFileReference; lastKnownFileType = sourcecode.swift; path = CalendarViewEntity.swift; sourceTree = "<group>"; };
		375519A820E75C7B00EC930B /* CalendarDetailViewEntity.swift */ = {isa = PBXFileReference; lastKnownFileType = sourcecode.swift; path = CalendarDetailViewEntity.swift; sourceTree = "<group>"; };
		3765CD5E20F0D9140031D235 /* FileBrowseTopViewModel.swift */ = {isa = PBXFileReference; fileEncoding = 4; lastKnownFileType = sourcecode.swift; path = FileBrowseTopViewModel.swift; sourceTree = "<group>"; };
		3765CD5F20F0D9140031D235 /* FileBrowseTopViewPresenter.swift */ = {isa = PBXFileReference; fileEncoding = 4; lastKnownFileType = sourcecode.swift; path = FileBrowseTopViewPresenter.swift; sourceTree = "<group>"; };
		3765CD6020F0D9140031D235 /* FileBrowseTopViewController.swift */ = {isa = PBXFileReference; fileEncoding = 4; lastKnownFileType = sourcecode.swift; path = FileBrowseTopViewController.swift; sourceTree = "<group>"; };
		3765CD6620F0D9D10031D235 /* FileBrowseDetailViewPresenter.swift */ = {isa = PBXFileReference; fileEncoding = 4; lastKnownFileType = sourcecode.swift; path = FileBrowseDetailViewPresenter.swift; sourceTree = "<group>"; };
		3765CD6720F0D9D10031D235 /* FileBrowseDetailViewController.swift */ = {isa = PBXFileReference; fileEncoding = 4; lastKnownFileType = sourcecode.swift; path = FileBrowseDetailViewController.swift; sourceTree = "<group>"; };
		3765CD6820F0D9D10031D235 /* FileBrowseDetailViewModel.swift */ = {isa = PBXFileReference; fileEncoding = 4; lastKnownFileType = sourcecode.swift; path = FileBrowseDetailViewModel.swift; sourceTree = "<group>"; };
		3765CD6C20F0E7880031D235 /* FileBrowseCell.swift */ = {isa = PBXFileReference; lastKnownFileType = sourcecode.swift; path = FileBrowseCell.swift; sourceTree = "<group>"; };
		3765CD6D20F0E7880031D235 /* FileBrowseCell.xib */ = {isa = PBXFileReference; lastKnownFileType = file.xib; path = FileBrowseCell.xib; sourceTree = "<group>"; };
		3765CD7020F0EDCF0031D235 /* FileBrowseTopViewEntity.swift */ = {isa = PBXFileReference; lastKnownFileType = sourcecode.swift; path = FileBrowseTopViewEntity.swift; sourceTree = "<group>"; };
		3769F6F820EC960600BA8920 /* UserListViewModel.swift */ = {isa = PBXFileReference; fileEncoding = 4; lastKnownFileType = sourcecode.swift; path = UserListViewModel.swift; sourceTree = "<group>"; };
		3769F6F920EC960600BA8920 /* UserListViewPresenter.swift */ = {isa = PBXFileReference; fileEncoding = 4; lastKnownFileType = sourcecode.swift; path = UserListViewPresenter.swift; sourceTree = "<group>"; };
		3769F6FA20EC960600BA8920 /* UserListViewController.swift */ = {isa = PBXFileReference; fileEncoding = 4; lastKnownFileType = sourcecode.swift; path = UserListViewController.swift; sourceTree = "<group>"; };
		3772662520EA70CE0056D3D0 /* UserListSettingViewModel.swift */ = {isa = PBXFileReference; fileEncoding = 4; lastKnownFileType = sourcecode.swift; path = UserListSettingViewModel.swift; sourceTree = "<group>"; };
		3772662620EA70CE0056D3D0 /* UserListSettingViewPresenter.swift */ = {isa = PBXFileReference; fileEncoding = 4; lastKnownFileType = sourcecode.swift; path = UserListSettingViewPresenter.swift; sourceTree = "<group>"; };
		3772662720EA70CE0056D3D0 /* UserListViewEntity.swift */ = {isa = PBXFileReference; fileEncoding = 4; lastKnownFileType = sourcecode.swift; path = UserListViewEntity.swift; sourceTree = "<group>"; };
		378E382920E9957F003BB689 /* ShiftCategoryViewModel.swift */ = {isa = PBXFileReference; fileEncoding = 4; lastKnownFileType = sourcecode.swift; path = ShiftCategoryViewModel.swift; sourceTree = "<group>"; };
		378E382A20E9957F003BB689 /* ShiftCategoryViewPresenter.swift */ = {isa = PBXFileReference; fileEncoding = 4; lastKnownFileType = sourcecode.swift; path = ShiftCategoryViewPresenter.swift; sourceTree = "<group>"; };
		378E382D20EA02EC003BB689 /* ShiftCategoryViewEntity.swift */ = {isa = PBXFileReference; lastKnownFileType = sourcecode.swift; path = ShiftCategoryViewEntity.swift; sourceTree = "<group>"; };
		379032F720F13F7E00C2534F /* FileBrowseDetailViewEntity.swift */ = {isa = PBXFileReference; lastKnownFileType = sourcecode.swift; path = FileBrowseDetailViewEntity.swift; sourceTree = "<group>"; };
		379032F920F1A3F200C2534F /* CommentCell.swift */ = {isa = PBXFileReference; lastKnownFileType = sourcecode.swift; path = CommentCell.swift; sourceTree = "<group>"; };
		379032FA20F1A3F200C2534F /* CommentCell.xib */ = {isa = PBXFileReference; lastKnownFileType = file.xib; path = CommentCell.xib; sourceTree = "<group>"; };
		3790330120F1EA9100C2534F /* EditCommentViewModel.swift */ = {isa = PBXFileReference; fileEncoding = 4; lastKnownFileType = sourcecode.swift; path = EditCommentViewModel.swift; sourceTree = "<group>"; };
		3790330220F1EA9100C2534F /* EditCommentViewPresenter.swift */ = {isa = PBXFileReference; fileEncoding = 4; lastKnownFileType = sourcecode.swift; path = EditCommentViewPresenter.swift; sourceTree = "<group>"; };
		3790330320F1EA9100C2534F /* EditCommentViewController.swift */ = {isa = PBXFileReference; fileEncoding = 4; lastKnownFileType = sourcecode.swift; path = EditCommentViewController.swift; sourceTree = "<group>"; };
		37A69B0C20E8308B004E8C66 /* UserTopViewController.swift */ = {isa = PBXFileReference; fileEncoding = 4; lastKnownFileType = sourcecode.swift; path = UserTopViewController.swift; sourceTree = "<group>"; };
		37A69B0D20E8308C004E8C66 /* UserTopViewPresenter.swift */ = {isa = PBXFileReference; fileEncoding = 4; lastKnownFileType = sourcecode.swift; path = UserTopViewPresenter.swift; sourceTree = "<group>"; };
		37A69B1320E897AE004E8C66 /* UserTopViewModel.swift */ = {isa = PBXFileReference; fileEncoding = 4; lastKnownFileType = sourcecode.swift; path = UserTopViewModel.swift; sourceTree = "<group>"; };
		37A69B1720E89D19004E8C66 /* UserListSettingViewController.swift */ = {isa = PBXFileReference; lastKnownFileType = sourcecode.swift; path = UserListSettingViewController.swift; sourceTree = "<group>"; };
		37A69B1920E89D28004E8C66 /* ShiftCategoryViewController.swift */ = {isa = PBXFileReference; lastKnownFileType = sourcecode.swift; path = ShiftCategoryViewController.swift; sourceTree = "<group>"; };
		37A69B1C20E8A09A004E8C66 /* WageViewController.swift */ = {isa = PBXFileReference; lastKnownFileType = sourcecode.swift; path = WageViewController.swift; sourceTree = "<group>"; };
		37A69B1F20E8A0B0004E8C66 /* UserNameViewController.swift */ = {isa = PBXFileReference; lastKnownFileType = sourcecode.swift; path = UserNameViewController.swift; sourceTree = "<group>"; };
		37A69B2220E8A0C2004E8C66 /* PasswordViewController.swift */ = {isa = PBXFileReference; lastKnownFileType = sourcecode.swift; path = PasswordViewController.swift; sourceTree = "<group>"; };
		37A69B2520E8A0EC004E8C66 /* ColorSchemeViewController.swift */ = {isa = PBXFileReference; lastKnownFileType = sourcecode.swift; path = ColorSchemeViewController.swift; sourceTree = "<group>"; };
		37A69B2820E8A162004E8C66 /* SalaryViewController.swift */ = {isa = PBXFileReference; lastKnownFileType = sourcecode.swift; path = SalaryViewController.swift; sourceTree = "<group>"; };
		37A69B2A20E8D3D6004E8C66 /* UserNameViewPresenter.swift */ = {isa = PBXFileReference; lastKnownFileType = sourcecode.swift; path = UserNameViewPresenter.swift; sourceTree = "<group>"; };
		37A69B2C20E8D3E1004E8C66 /* UserNameViewModel.swift */ = {isa = PBXFileReference; lastKnownFileType = sourcecode.swift; path = UserNameViewModel.swift; sourceTree = "<group>"; };
		37A69B3120E957F1004E8C66 /* WageViewPresenter.swift */ = {isa = PBXFileReference; fileEncoding = 4; lastKnownFileType = sourcecode.swift; path = WageViewPresenter.swift; sourceTree = "<group>"; };
		37A69B3220E957F1004E8C66 /* WageViewModel.swift */ = {isa = PBXFileReference; fileEncoding = 4; lastKnownFileType = sourcecode.swift; path = WageViewModel.swift; sourceTree = "<group>"; };
		37A69B3520E97F80004E8C66 /* WageViewEntity.swift */ = {isa = PBXFileReference; lastKnownFileType = sourcecode.swift; path = WageViewEntity.swift; sourceTree = "<group>"; };
		37A69B3720E986F5004E8C66 /* PasswordViewPresenter.swift */ = {isa = PBXFileReference; fileEncoding = 4; lastKnownFileType = sourcecode.swift; path = PasswordViewPresenter.swift; sourceTree = "<group>"; };
		37A69B3820E986F6004E8C66 /* PasswordViewModel.swift */ = {isa = PBXFileReference; fileEncoding = 4; lastKnownFileType = sourcecode.swift; path = PasswordViewModel.swift; sourceTree = "<group>"; };
		37C05D302154049E00CFCCEC /* FollowSettingViewController.swift */ = {isa = PBXFileReference; fileEncoding = 4; lastKnownFileType = sourcecode.swift; path = FollowSettingViewController.swift; sourceTree = "<group>"; };
		37C05D312154049E00CFCCEC /* FollowSettingViewModel.swift */ = {isa = PBXFileReference; fileEncoding = 4; lastKnownFileType = sourcecode.swift; path = FollowSettingViewModel.swift; sourceTree = "<group>"; };
		37C05D322154049E00CFCCEC /* FollowSettingViewPresenter.swift */ = {isa = PBXFileReference; fileEncoding = 4; lastKnownFileType = sourcecode.swift; path = FollowSettingViewPresenter.swift; sourceTree = "<group>"; };
		37C0CCD920F20B54003D650F /* AddCommentViewPresenter.swift */ = {isa = PBXFileReference; fileEncoding = 4; lastKnownFileType = sourcecode.swift; path = AddCommentViewPresenter.swift; sourceTree = "<group>"; };
		37C0CCDA20F20B54003D650F /* AddCommentViewModel.swift */ = {isa = PBXFileReference; fileEncoding = 4; lastKnownFileType = sourcecode.swift; path = AddCommentViewModel.swift; sourceTree = "<group>"; };
		37C0CCDB20F20B54003D650F /* AddCommentViewController.swift */ = {isa = PBXFileReference; fileEncoding = 4; lastKnownFileType = sourcecode.swift; path = AddCommentViewController.swift; sourceTree = "<group>"; };
		37C168A620EE82C7003A453A /* ShiftViewPresenter.swift */ = {isa = PBXFileReference; fileEncoding = 4; lastKnownFileType = sourcecode.swift; path = ShiftViewPresenter.swift; sourceTree = "<group>"; };
		37C168A720EE82C7003A453A /* ShiftViewModel.swift */ = {isa = PBXFileReference; fileEncoding = 4; lastKnownFileType = sourcecode.swift; path = ShiftViewModel.swift; sourceTree = "<group>"; };
		37C168A820EE82C7003A453A /* ShiftViewController.swift */ = {isa = PBXFileReference; fileEncoding = 4; lastKnownFileType = sourcecode.swift; path = ShiftViewController.swift; sourceTree = "<group>"; };
		37C168A920EE82C7003A453A /* ShiftViewEntity.swift */ = {isa = PBXFileReference; fileEncoding = 4; lastKnownFileType = sourcecode.swift; path = ShiftViewEntity.swift; sourceTree = "<group>"; };
		37C168AF20EEB2DA003A453A /* ShiftSettingDetailViewController.swift */ = {isa = PBXFileReference; fileEncoding = 4; lastKnownFileType = sourcecode.swift; path = ShiftSettingDetailViewController.swift; sourceTree = "<group>"; };
		37C168B120F0308D003A453A /* SalaryViewPresenter.swift */ = {isa = PBXFileReference; fileEncoding = 4; lastKnownFileType = sourcecode.swift; path = SalaryViewPresenter.swift; sourceTree = "<group>"; };
		37C168B220F0308E003A453A /* SalaryViewModel.swift */ = {isa = PBXFileReference; fileEncoding = 4; lastKnownFileType = sourcecode.swift; path = SalaryViewModel.swift; sourceTree = "<group>"; };
		37C168B520F031BE003A453A /* SalaryViewEntity.swift */ = {isa = PBXFileReference; lastKnownFileType = sourcecode.swift; path = SalaryViewEntity.swift; sourceTree = "<group>"; };
		37C771AB216DDB2500AC7E9D /* SearchShiftViewPresenter.swift */ = {isa = PBXFileReference; fileEncoding = 4; lastKnownFileType = sourcecode.swift; path = SearchShiftViewPresenter.swift; sourceTree = "<group>"; };
		37C771AC216DDB2500AC7E9D /* SearchShiftViewController.swift */ = {isa = PBXFileReference; fileEncoding = 4; lastKnownFileType = sourcecode.swift; path = SearchShiftViewController.swift; sourceTree = "<group>"; };
		37C771AD216DDB2500AC7E9D /* SearchShiftViewModel.swift */ = {isa = PBXFileReference; fileEncoding = 4; lastKnownFileType = sourcecode.swift; path = SearchShiftViewModel.swift; sourceTree = "<group>"; };
		37CC330120EA87320059C8D7 /* UserListSettingDetailViewController.swift */ = {isa = PBXFileReference; lastKnownFileType = sourcecode.swift; path = UserListSettingDetailViewController.swift; sourceTree = "<group>"; };
		37DE67A020F4797400DB7EBC /* ShiftImportViewController.swift */ = {isa = PBXFileReference; fileEncoding = 4; lastKnownFileType = sourcecode.swift; path = ShiftImportViewController.swift; sourceTree = "<group>"; };
		37DE67A120F4797400DB7EBC /* ShiftImportViewPresenter.swift */ = {isa = PBXFileReference; fileEncoding = 4; lastKnownFileType = sourcecode.swift; path = ShiftImportViewPresenter.swift; sourceTree = "<group>"; };
		37DE67A220F4797400DB7EBC /* ShiftImportViewModel.swift */ = {isa = PBXFileReference; fileEncoding = 4; lastKnownFileType = sourcecode.swift; path = ShiftImportViewModel.swift; sourceTree = "<group>"; };
		37DE67A620F4A54200DB7EBC /* ja */ = {isa = PBXFileReference; lastKnownFileType = text.plist.strings; name = ja; path = ja.lproj/LaunchScreen.strings; sourceTree = "<group>"; };
		37DE67A820F589C600DB7EBC /* UnknownViewPresenter.swift */ = {isa = PBXFileReference; fileEncoding = 4; lastKnownFileType = sourcecode.swift; path = UnknownViewPresenter.swift; sourceTree = "<group>"; };
		37DE67A920F589C700DB7EBC /* UnknownViewModel.swift */ = {isa = PBXFileReference; fileEncoding = 4; lastKnownFileType = sourcecode.swift; path = UnknownViewModel.swift; sourceTree = "<group>"; };
		37DE67AA20F589C700DB7EBC /* UnknownViewController.swift */ = {isa = PBXFileReference; fileEncoding = 4; lastKnownFileType = sourcecode.swift; path = UnknownViewController.swift; sourceTree = "<group>"; };
		37DE67AE20F58A2900DB7EBC /* UnknownViewEntity.swift */ = {isa = PBXFileReference; lastKnownFileType = sourcecode.swift; path = UnknownViewEntity.swift; sourceTree = "<group>"; };
		37DE67B120F6465000DB7EBC /* AddShiftViewPresenter.swift */ = {isa = PBXFileReference; fileEncoding = 4; lastKnownFileType = sourcecode.swift; path = AddShiftViewPresenter.swift; sourceTree = "<group>"; };
		37DE67B220F6465000DB7EBC /* AddShiftViewModel.swift */ = {isa = PBXFileReference; fileEncoding = 4; lastKnownFileType = sourcecode.swift; path = AddShiftViewModel.swift; sourceTree = "<group>"; };
		37DE67B320F6465000DB7EBC /* AddShiftViewController.swift */ = {isa = PBXFileReference; fileEncoding = 4; lastKnownFileType = sourcecode.swift; path = AddShiftViewController.swift; sourceTree = "<group>"; };
		37DE67B820F7A44600DB7EBC /* NotificationViewController.swift */ = {isa = PBXFileReference; fileEncoding = 4; lastKnownFileType = sourcecode.swift; path = NotificationViewController.swift; sourceTree = "<group>"; };
		37DE67B920F7A44600DB7EBC /* NotificationViewModel.swift */ = {isa = PBXFileReference; fileEncoding = 4; lastKnownFileType = sourcecode.swift; path = NotificationViewModel.swift; sourceTree = "<group>"; };
		37DE67BA20F7A44600DB7EBC /* NotificationViewPresenter.swift */ = {isa = PBXFileReference; fileEncoding = 4; lastKnownFileType = sourcecode.swift; path = NotificationViewPresenter.swift; sourceTree = "<group>"; };
		37DE67BE20F85D3800DB7EBC /* Shifree.entitlements */ = {isa = PBXFileReference; lastKnownFileType = text.plist.entitlements; path = Shifree.entitlements; sourceTree = "<group>"; };
		37FF360320DD4CFE00FB2C68 /* Shifree.app */ = {isa = PBXFileReference; explicitFileType = wrapper.application; includeInIndex = 0; path = Shifree.app; sourceTree = BUILT_PRODUCTS_DIR; };
		37FF360620DD4CFE00FB2C68 /* AppDelegate.swift */ = {isa = PBXFileReference; lastKnownFileType = sourcecode.swift; path = AppDelegate.swift; sourceTree = "<group>"; };
		37FF360F20DD4D0200FB2C68 /* Assets.xcassets */ = {isa = PBXFileReference; lastKnownFileType = folder.assetcatalog; path = Assets.xcassets; sourceTree = "<group>"; };
		37FF361220DD4D0200FB2C68 /* Base */ = {isa = PBXFileReference; lastKnownFileType = file.storyboard; name = Base; path = Base.lproj/LaunchScreen.storyboard; sourceTree = "<group>"; };
		37FF361420DD4D0200FB2C68 /* Info.plist */ = {isa = PBXFileReference; lastKnownFileType = text.plist.xml; path = Info.plist; sourceTree = "<group>"; };
		39257C7396B8369A2011116E /* Pods_Parjob.framework */ = {isa = PBXFileReference; explicitFileType = wrapper.framework; includeInIndex = 0; path = Pods_Parjob.framework; sourceTree = BUILT_PRODUCTS_DIR; };
		4573FE51F909B9ABAEAF2984 /* Pods-Parjob.debug.xcconfig */ = {isa = PBXFileReference; includeInIndex = 1; lastKnownFileType = text.xcconfig; name = "Pods-Parjob.debug.xcconfig"; path = "Pods/Target Support Files/Pods-Parjob/Pods-Parjob.debug.xcconfig"; sourceTree = "<group>"; };
		7BBF9FB4E098CD9E2ED302ED /* Pods-Shifree.release.xcconfig */ = {isa = PBXFileReference; includeInIndex = 1; lastKnownFileType = text.xcconfig; name = "Pods-Shifree.release.xcconfig"; path = "Pods/Target Support Files/Pods-Shifree/Pods-Shifree.release.xcconfig"; sourceTree = "<group>"; };
		A4988DB475E4827A11CD4AFB /* Pods-Shifly.debug.xcconfig */ = {isa = PBXFileReference; includeInIndex = 1; lastKnownFileType = text.xcconfig; name = "Pods-Shifly.debug.xcconfig"; path = "Pods/Target Support Files/Pods-Shifly/Pods-Shifly.debug.xcconfig"; sourceTree = "<group>"; };
		AF30C6A99A35CDACE652D357 /* Pods_Shifree.framework */ = {isa = PBXFileReference; explicitFileType = wrapper.framework; includeInIndex = 0; path = Pods_Shifree.framework; sourceTree = BUILT_PRODUCTS_DIR; };
		D39A03DDC2854E31F625E483 /* Pods-Parjob.release.xcconfig */ = {isa = PBXFileReference; includeInIndex = 1; lastKnownFileType = text.xcconfig; name = "Pods-Parjob.release.xcconfig"; path = "Pods/Target Support Files/Pods-Parjob/Pods-Parjob.release.xcconfig"; sourceTree = "<group>"; };
		DB3E43B4B29717A1F7FF14A3 /* Pods-Shifly.release.xcconfig */ = {isa = PBXFileReference; includeInIndex = 1; lastKnownFileType = text.xcconfig; name = "Pods-Shifly.release.xcconfig"; path = "Pods/Target Support Files/Pods-Shifly/Pods-Shifly.release.xcconfig"; sourceTree = "<group>"; };
		EEFE708F72EFC59CB8F628F9 /* Pods_Shifly.framework */ = {isa = PBXFileReference; explicitFileType = wrapper.framework; includeInIndex = 0; path = Pods_Shifly.framework; sourceTree = BUILT_PRODUCTS_DIR; };
/* End PBXFileReference section */

/* Begin PBXFrameworksBuildPhase section */
		37FF360020DD4CFE00FB2C68 /* Frameworks */ = {
			isa = PBXFrameworksBuildPhase;
			buildActionMask = 2147483647;
			files = (
				070A2B27E6394149AE149242 /* Pods_Shifree.framework in Frameworks */,
			);
			runOnlyForDeploymentPostprocessing = 0;
		};
/* End PBXFrameworksBuildPhase section */

/* Begin PBXGroup section */
		0B234B34A04764123FA6CF5B /* Pods */ = {
			isa = PBXGroup;
			children = (
				4573FE51F909B9ABAEAF2984 /* Pods-Parjob.debug.xcconfig */,
				D39A03DDC2854E31F625E483 /* Pods-Parjob.release.xcconfig */,
				A4988DB475E4827A11CD4AFB /* Pods-Shifly.debug.xcconfig */,
				DB3E43B4B29717A1F7FF14A3 /* Pods-Shifly.release.xcconfig */,
				07A5E603DEFA18B1909DC9A8 /* Pods-Shifree.debug.xcconfig */,
				7BBF9FB4E098CD9E2ED302ED /* Pods-Shifree.release.xcconfig */,
			);
			name = Pods;
			sourceTree = "<group>";
		};
		370031A520EDEB4300813685 /* Xib */ = {
			isa = PBXGroup;
			children = (
				3700319B20EDDC2800813685 /* ColorCell.swift */,
				3700319C20EDDC2800813685 /* ColorCell.xib */,
				3765CD6C20F0E7880031D235 /* FileBrowseCell.swift */,
				3765CD6D20F0E7880031D235 /* FileBrowseCell.xib */,
				379032F920F1A3F200C2534F /* CommentCell.swift */,
				379032FA20F1A3F200C2534F /* CommentCell.xib */,
			);
			path = Xib;
			sourceTree = "<group>";
		};
		370A2FF6212DB7F500B8082F /* UpdateTitle */ = {
			isa = PBXGroup;
			children = (
				370A2FF9212DB82600B8082F /* UpdateTitleViewController.swift */,
				370A2FF7212DB82600B8082F /* UpdateTitleViewPresenter.swift */,
				370A2FF8212DB82600B8082F /* UpdateTitleViewModel.swift */,
			);
			path = UpdateTitle;
			sourceTree = "<group>";
		};
		3720A2AD216B1941005E1A4E /* Export */ = {
			isa = PBXGroup;
			children = (
				3720A2AE216B1987005E1A4E /* ExportViewController.swift */,
				3720A2B0216B1987005E1A4E /* ExportViewPresenter.swift */,
				3720A2AF216B1987005E1A4E /* ExportViewModel.swift */,
				3720A2B4216B5E43005E1A4E /* ExportViewEntity.swift */,
			);
			path = Export;
			sourceTree = "<group>";
		};
		37326C4020DFE32B00A60B00 /* SignUp */ = {
			isa = PBXGroup;
			children = (
				37425CB520DE568C005A3C93 /* SignUpViewController.swift */,
				37425CB920DE68AF005A3C93 /* SignUpViewPresenter.swift */,
				37425CBB20DE700A005A3C93 /* SignUpViewModel.swift */,
			);
			path = SignUp;
			sourceTree = "<group>";
		};
		373F36D920E7D4400079B28F /* PopUpColorTableView */ = {
			isa = PBXGroup;
			children = (
				373F36D720E7CCCD0079B28F /* PopUpColorViewController.swift */,
				3729107320E7EE3D00931BEA /* PopUpColorViewPresenter.swift */,
				3729107520E7EE4C00931BEA /* PopUpColorViewModel.swift */,
				370031A320EDE31500813685 /* PopUpColorViewEntity.swift */,
			);
			path = PopUpColorTableView;
			sourceTree = "<group>";
		};
		37425CC120DE8928005A3C93 /* Calendar */ = {
			isa = PBXGroup;
			children = (
				37C771AA216DDAE200AC7E9D /* SearchShift */,
				373F36D920E7D4400079B28F /* PopUpColorTableView */,
				37425CC220DE893E005A3C93 /* CalendarViewController.swift */,
				37326C4520E14B6500A60B00 /* CalendarViewPresenter.swift */,
				37326C4720E14B7500A60B00 /* CalendarViewModel.swift */,
				375519A520E5BADA00EC930B /* CalendarViewEntity.swift */,
			);
			path = Calendar;
			sourceTree = "<group>";
		};
		37429335215D3D450032066D /* PrivacyPolicy */ = {
			isa = PBXGroup;
			children = (
				37429337215D3DAD0032066D /* PrivacyPolicyViewController.swift */,
				37429338215D3DAD0032066D /* PrivacyPolicyViewPresenter.swift */,
				37429336215D3DAD0032066D /* PrivacyPolicyViewModel.swift */,
			);
			path = PrivacyPolicy;
			sourceTree = "<group>";
		};
		374AA6C3215DE94400E37686 /* Contact */ = {
			isa = PBXGroup;
			children = (
				374AA6C6215DE99B00E37686 /* ContactViewController.swift */,
				374AA6C5215DE99B00E37686 /* ContactViewPresenter.swift */,
				374AA6C4215DE99B00E37686 /* ContactViewModel.swift */,
			);
			path = Contact;
			sourceTree = "<group>";
		};
		375519A720E686F700EC930B /* CalendarDetail */ = {
			isa = PBXGroup;
			children = (
				3755199E20E50F9B00EC930B /* CalendarDetailViewController.swift */,
				375519A020E50FB700EC930B /* CalendarDetailViewPresenter.swift */,
				375519A220E50FC700EC930B /* CalendarDetailViewModel.swift */,
				375519A820E75C7B00EC930B /* CalendarDetailViewEntity.swift */,
			);
			path = CalendarDetail;
			sourceTree = "<group>";
		};
		3765CD5D20F0D8940031D235 /* FileBrowse */ = {
			isa = PBXGroup;
			children = (
				370A2FF6212DB7F500B8082F /* UpdateTitle */,
				37C0CCD820F20B33003D650F /* AddComment */,
				3790330020F1EA3600C2534F /* EditComment */,
				3765CD6520F0D99D0031D235 /* Detail */,
				3765CD6420F0D98F0031D235 /* Top */,
			);
			path = FileBrowse;
			sourceTree = "<group>";
		};
		3765CD6420F0D98F0031D235 /* Top */ = {
			isa = PBXGroup;
			children = (
				3765CD6020F0D9140031D235 /* FileBrowseTopViewController.swift */,
				3765CD5F20F0D9140031D235 /* FileBrowseTopViewPresenter.swift */,
				3765CD5E20F0D9140031D235 /* FileBrowseTopViewModel.swift */,
				3765CD7020F0EDCF0031D235 /* FileBrowseTopViewEntity.swift */,
			);
			path = Top;
			sourceTree = "<group>";
		};
		3765CD6520F0D99D0031D235 /* Detail */ = {
			isa = PBXGroup;
			children = (
				3765CD6720F0D9D10031D235 /* FileBrowseDetailViewController.swift */,
				3765CD6620F0D9D10031D235 /* FileBrowseDetailViewPresenter.swift */,
				3765CD6820F0D9D10031D235 /* FileBrowseDetailViewModel.swift */,
				379032F720F13F7E00C2534F /* FileBrowseDetailViewEntity.swift */,
			);
			path = Detail;
			sourceTree = "<group>";
		};
		3790330020F1EA3600C2534F /* EditComment */ = {
			isa = PBXGroup;
			children = (
				3790330320F1EA9100C2534F /* EditCommentViewController.swift */,
				3790330220F1EA9100C2534F /* EditCommentViewPresenter.swift */,
				3790330120F1EA9100C2534F /* EditCommentViewModel.swift */,
			);
			path = EditComment;
			sourceTree = "<group>";
		};
		37A69B0B20E83027004E8C66 /* User */ = {
			isa = PBXGroup;
			children = (
				37A69B1220E839D1004E8C66 /* Top */,
				37A69B1520E89B65004E8C66 /* UserListSetting */,
				37D169CC20EC940000265186 /* UserListView */,
				37A69B1620E89B7E004E8C66 /* ShiftCategorySetting */,
				37C168A520EE824D003A453A /* ShiftSetting */,
				37DE67B720F7A3CE00DB7EBC /* NotificationSetting */,
				37A69B1B20E8A07A004E8C66 /* WageSetting */,
				37A69B1E20E8A0A5004E8C66 /* UserNameSetting */,
				37A69B2120E8A0B5004E8C66 /* PasswordSetting */,
				37A69B2420E8A0CC004E8C66 /* ColorSchemeSetting */,
				37A69B2720E8A155004E8C66 /* Salary */,
				37C05D2F2154041A00CFCCEC /* FollowViewSetting */,
				3720A2AD216B1941005E1A4E /* Export */,
				37429335215D3D450032066D /* PrivacyPolicy */,
				374AA6C3215DE94400E37686 /* Contact */,
			);
			path = User;
			sourceTree = "<group>";
		};
		37A69B1220E839D1004E8C66 /* Top */ = {
			isa = PBXGroup;
			children = (
				37A69B0C20E8308B004E8C66 /* UserTopViewController.swift */,
				37A69B0D20E8308C004E8C66 /* UserTopViewPresenter.swift */,
				37A69B1320E897AE004E8C66 /* UserTopViewModel.swift */,
			);
			path = Top;
			sourceTree = "<group>";
		};
		37A69B1520E89B65004E8C66 /* UserListSetting */ = {
			isa = PBXGroup;
			children = (
				37CC330020EA871A0059C8D7 /* UserListSettingDetail */,
				37A69B1720E89D19004E8C66 /* UserListSettingViewController.swift */,
				3772662620EA70CE0056D3D0 /* UserListSettingViewPresenter.swift */,
				3772662520EA70CE0056D3D0 /* UserListSettingViewModel.swift */,
				3772662720EA70CE0056D3D0 /* UserListViewEntity.swift */,
			);
			path = UserListSetting;
			sourceTree = "<group>";
		};
		37A69B1620E89B7E004E8C66 /* ShiftCategorySetting */ = {
			isa = PBXGroup;
			children = (
				37A69B1920E89D28004E8C66 /* ShiftCategoryViewController.swift */,
				378E382A20E9957F003BB689 /* ShiftCategoryViewPresenter.swift */,
				378E382920E9957F003BB689 /* ShiftCategoryViewModel.swift */,
				378E382D20EA02EC003BB689 /* ShiftCategoryViewEntity.swift */,
			);
			path = ShiftCategorySetting;
			sourceTree = "<group>";
		};
		37A69B1B20E8A07A004E8C66 /* WageSetting */ = {
			isa = PBXGroup;
			children = (
				37A69B1C20E8A09A004E8C66 /* WageViewController.swift */,
				37A69B3120E957F1004E8C66 /* WageViewPresenter.swift */,
				37A69B3220E957F1004E8C66 /* WageViewModel.swift */,
				37A69B3520E97F80004E8C66 /* WageViewEntity.swift */,
			);
			path = WageSetting;
			sourceTree = "<group>";
		};
		37A69B1E20E8A0A5004E8C66 /* UserNameSetting */ = {
			isa = PBXGroup;
			children = (
				37A69B1F20E8A0B0004E8C66 /* UserNameViewController.swift */,
				37A69B2A20E8D3D6004E8C66 /* UserNameViewPresenter.swift */,
				37A69B2C20E8D3E1004E8C66 /* UserNameViewModel.swift */,
			);
			path = UserNameSetting;
			sourceTree = "<group>";
		};
		37A69B2120E8A0B5004E8C66 /* PasswordSetting */ = {
			isa = PBXGroup;
			children = (
				37A69B2220E8A0C2004E8C66 /* PasswordViewController.swift */,
				37A69B3720E986F5004E8C66 /* PasswordViewPresenter.swift */,
				37A69B3820E986F6004E8C66 /* PasswordViewModel.swift */,
			);
			path = PasswordSetting;
			sourceTree = "<group>";
		};
		37A69B2420E8A0CC004E8C66 /* ColorSchemeSetting */ = {
			isa = PBXGroup;
			children = (
				37A69B2520E8A0EC004E8C66 /* ColorSchemeViewController.swift */,
				370031A020EDE2B600813685 /* ColorSchemeViewPresenter.swift */,
				3700319F20EDE2B600813685 /* ColorSchemeViewModel.swift */,
			);
			path = ColorSchemeSetting;
			sourceTree = "<group>";
		};
		37A69B2720E8A155004E8C66 /* Salary */ = {
			isa = PBXGroup;
			children = (
				37A69B2820E8A162004E8C66 /* SalaryViewController.swift */,
				37C168B120F0308D003A453A /* SalaryViewPresenter.swift */,
				37C168B220F0308E003A453A /* SalaryViewModel.swift */,
				37C168B520F031BE003A453A /* SalaryViewEntity.swift */,
			);
			path = Salary;
			sourceTree = "<group>";
		};
		37C05D2F2154041A00CFCCEC /* FollowViewSetting */ = {
			isa = PBXGroup;
			children = (
				37C05D302154049E00CFCCEC /* FollowSettingViewController.swift */,
				37C05D322154049E00CFCCEC /* FollowSettingViewPresenter.swift */,
				37C05D312154049E00CFCCEC /* FollowSettingViewModel.swift */,
			);
			path = FollowViewSetting;
			sourceTree = "<group>";
		};
		37C0CCD820F20B33003D650F /* AddComment */ = {
			isa = PBXGroup;
			children = (
				37C0CCDB20F20B54003D650F /* AddCommentViewController.swift */,
				37C0CCD920F20B54003D650F /* AddCommentViewPresenter.swift */,
				37C0CCDA20F20B54003D650F /* AddCommentViewModel.swift */,
			);
			path = AddComment;
			sourceTree = "<group>";
		};
		37C168A520EE824D003A453A /* ShiftSetting */ = {
			isa = PBXGroup;
			children = (
				37C168AE20EEB26C003A453A /* ShiftSettingVeiwDetail */,
				37C168A820EE82C7003A453A /* ShiftViewController.swift */,
				37C168A620EE82C7003A453A /* ShiftViewPresenter.swift */,
				37C168A720EE82C7003A453A /* ShiftViewModel.swift */,
				37C168A920EE82C7003A453A /* ShiftViewEntity.swift */,
			);
			path = ShiftSetting;
			sourceTree = "<group>";
		};
		37C168AE20EEB26C003A453A /* ShiftSettingVeiwDetail */ = {
			isa = PBXGroup;
			children = (
				37C168AF20EEB2DA003A453A /* ShiftSettingDetailViewController.swift */,
			);
			path = ShiftSettingVeiwDetail;
			sourceTree = "<group>";
		};
		37C771AA216DDAE200AC7E9D /* SearchShift */ = {
			isa = PBXGroup;
			children = (
				37C771AC216DDB2500AC7E9D /* SearchShiftViewController.swift */,
				37C771AB216DDB2500AC7E9D /* SearchShiftViewPresenter.swift */,
				37C771AD216DDB2500AC7E9D /* SearchShiftViewModel.swift */,
			);
			path = SearchShift;
			sourceTree = "<group>";
		};
		37CC330020EA871A0059C8D7 /* UserListSettingDetail */ = {
			isa = PBXGroup;
			children = (
				37CC330120EA87320059C8D7 /* UserListSettingDetailViewController.swift */,
			);
			path = UserListSettingDetail;
			sourceTree = "<group>";
		};
		37D169CC20EC940000265186 /* UserListView */ = {
			isa = PBXGroup;
			children = (
				3769F6FA20EC960600BA8920 /* UserListViewController.swift */,
				3769F6F920EC960600BA8920 /* UserListViewPresenter.swift */,
				3769F6F820EC960600BA8920 /* UserListViewModel.swift */,
			);
			path = UserListView;
			sourceTree = "<group>";
		};
		37DE679F20F4794600DB7EBC /* ShiftImport */ = {
			isa = PBXGroup;
			children = (
				37DE67B020F645DC00DB7EBC /* AddShift */,
				37DE67A720F5897C00DB7EBC /* Unknown */,
				37DE67A020F4797400DB7EBC /* ShiftImportViewController.swift */,
				37DE67A120F4797400DB7EBC /* ShiftImportViewPresenter.swift */,
				37DE67A220F4797400DB7EBC /* ShiftImportViewModel.swift */,
			);
			path = ShiftImport;
			sourceTree = "<group>";
		};
		37DE67A720F5897C00DB7EBC /* Unknown */ = {
			isa = PBXGroup;
			children = (
				37DE67AA20F589C700DB7EBC /* UnknownViewController.swift */,
				37DE67A820F589C600DB7EBC /* UnknownViewPresenter.swift */,
				37DE67A920F589C700DB7EBC /* UnknownViewModel.swift */,
				37DE67AE20F58A2900DB7EBC /* UnknownViewEntity.swift */,
			);
			path = Unknown;
			sourceTree = "<group>";
		};
		37DE67B020F645DC00DB7EBC /* AddShift */ = {
			isa = PBXGroup;
			children = (
				37DE67B320F6465000DB7EBC /* AddShiftViewController.swift */,
				37DE67B120F6465000DB7EBC /* AddShiftViewPresenter.swift */,
				37DE67B220F6465000DB7EBC /* AddShiftViewModel.swift */,
			);
			path = AddShift;
			sourceTree = "<group>";
		};
		37DE67B720F7A3CE00DB7EBC /* NotificationSetting */ = {
			isa = PBXGroup;
			children = (
				37DE67B820F7A44600DB7EBC /* NotificationViewController.swift */,
				37DE67BA20F7A44600DB7EBC /* NotificationViewPresenter.swift */,
				37DE67B920F7A44600DB7EBC /* NotificationViewModel.swift */,
			);
			path = NotificationSetting;
			sourceTree = "<group>";
		};
		37FF35FA20DD4CFE00FB2C68 = {
			isa = PBXGroup;
			children = (
				37FF360520DD4CFE00FB2C68 /* Shifree */,
				37FF360420DD4CFE00FB2C68 /* Products */,
				0B234B34A04764123FA6CF5B /* Pods */,
				AC93BE621A94EEF8F518E25F /* Frameworks */,
			);
			sourceTree = "<group>";
		};
		37FF360420DD4CFE00FB2C68 /* Products */ = {
			isa = PBXGroup;
			children = (
				37FF360320DD4CFE00FB2C68 /* Shifree.app */,
			);
			name = Products;
			sourceTree = "<group>";
		};
		37FF360520DD4CFE00FB2C68 /* Shifree */ = {
			isa = PBXGroup;
			children = (
				37DE67BE20F85D3800DB7EBC /* Shifree.entitlements */,
				37DE679F20F4794600DB7EBC /* ShiftImport */,
				3765CD5D20F0D8940031D235 /* FileBrowse */,
				370031A520EDEB4300813685 /* Xib */,
				37A69B0B20E83027004E8C66 /* User */,
				37326C4020DFE32B00A60B00 /* SignUp */,
				37425CC120DE8928005A3C93 /* Calendar */,
				375519A720E686F700EC930B /* CalendarDetail */,
				37FF360620DD4CFE00FB2C68 /* AppDelegate.swift */,
				37FF360F20DD4D0200FB2C68 /* Assets.xcassets */,
				37FF361120DD4D0200FB2C68 /* LaunchScreen.storyboard */,
				37FF361420DD4D0200FB2C68 /* Info.plist */,
				37425CB720DE6064005A3C93 /* Main.storyboard */,
				37326C3620DE955D00A60B00 /* Utility.swift */,
				37425CBD20DE70AE005A3C93 /* API.swift */,
				37326C3820DEC79200A60B00 /* Extensions.swift */,
				37326C3A20DEC85E00A60B00 /* Enum.swift */,
				37326C3E20DFD98500A60B00 /* Setting.swift */,
				3711CDB02139CD56000FFC29 /* Share.swift */,
			);
			path = Shifree;
			sourceTree = "<group>";
		};
		AC93BE621A94EEF8F518E25F /* Frameworks */ = {
			isa = PBXGroup;
			children = (
				39257C7396B8369A2011116E /* Pods_Parjob.framework */,
				EEFE708F72EFC59CB8F628F9 /* Pods_Shifly.framework */,
				AF30C6A99A35CDACE652D357 /* Pods_Shifree.framework */,
			);
			name = Frameworks;
			sourceTree = "<group>";
		};
/* End PBXGroup section */

/* Begin PBXNativeTarget section */
		37FF360220DD4CFE00FB2C68 /* Shifree */ = {
			isa = PBXNativeTarget;
			buildConfigurationList = 37FF361720DD4D0200FB2C68 /* Build configuration list for PBXNativeTarget "Shifree" */;
			buildPhases = (
				2DAE835E3857073F32AD9C4C /* [CP] Check Pods Manifest.lock */,
				37FF35FF20DD4CFE00FB2C68 /* Sources */,
				37FF360020DD4CFE00FB2C68 /* Frameworks */,
				37FF360120DD4CFE00FB2C68 /* Resources */,
				1C3B325437E0F10DD9F040E0 /* [CP] Embed Pods Frameworks */,
			);
			buildRules = (
			);
			dependencies = (
			);
			name = Shifree;
			productName = Parjob;
			productReference = 37FF360320DD4CFE00FB2C68 /* Shifree.app */;
			productType = "com.apple.product-type.application";
		};
/* End PBXNativeTarget section */

/* Begin PBXProject section */
		37FF35FB20DD4CFE00FB2C68 /* Project object */ = {
			isa = PBXProject;
			attributes = {
				LastSwiftUpdateCheck = 0940;
				LastUpgradeCheck = 0940;
				ORGANIZATIONNAME = "Kenta Iwami";
				TargetAttributes = {
					37FF360220DD4CFE00FB2C68 = {
						CreatedOnToolsVersion = 9.4.1;
						SystemCapabilities = {
							com.apple.Push = {
								enabled = 1;
							};
						};
					};
				};
			};
			buildConfigurationList = 37FF35FE20DD4CFE00FB2C68 /* Build configuration list for PBXProject "Shifree" */;
			compatibilityVersion = "Xcode 9.3";
			developmentRegion = en;
			hasScannedForEncodings = 0;
			knownRegions = (
				en,
				Base,
			);
			mainGroup = 37FF35FA20DD4CFE00FB2C68;
			productRefGroup = 37FF360420DD4CFE00FB2C68 /* Products */;
			projectDirPath = "";
			projectRoot = "";
			targets = (
				37FF360220DD4CFE00FB2C68 /* Shifree */,
			);
		};
/* End PBXProject section */

/* Begin PBXResourcesBuildPhase section */
		37FF360120DD4CFE00FB2C68 /* Resources */ = {
			isa = PBXResourcesBuildPhase;
			buildActionMask = 2147483647;
			files = (
				37425CB820DE6064005A3C93 /* Main.storyboard in Resources */,
				37FF361320DD4D0200FB2C68 /* LaunchScreen.storyboard in Resources */,
				3700319E20EDDC2800813685 /* ColorCell.xib in Resources */,
				379032FC20F1A3F200C2534F /* CommentCell.xib in Resources */,
				37FF361020DD4D0200FB2C68 /* Assets.xcassets in Resources */,
				3765CD6F20F0E7880031D235 /* FileBrowseCell.xib in Resources */,
			);
			runOnlyForDeploymentPostprocessing = 0;
		};
/* End PBXResourcesBuildPhase section */

/* Begin PBXShellScriptBuildPhase section */
		1C3B325437E0F10DD9F040E0 /* [CP] Embed Pods Frameworks */ = {
			isa = PBXShellScriptBuildPhase;
			buildActionMask = 2147483647;
			files = (
			);
			inputPaths = (
				"${SRCROOT}/Pods/Target Support Files/Pods-Shifree/Pods-Shifree-frameworks.sh",
				"${BUILT_PRODUCTS_DIR}/Alamofire/Alamofire.framework",
				"${BUILT_PRODUCTS_DIR}/AlamofireImage/AlamofireImage.framework",
				"${BUILT_PRODUCTS_DIR}/DynamicBlurView/DynamicBlurView.framework",
				"${BUILT_PRODUCTS_DIR}/Eureka/Eureka.framework",
				"${BUILT_PRODUCTS_DIR}/FSCalendar/FSCalendar.framework",
				"${BUILT_PRODUCTS_DIR}/FloatingActionSheetController/FloatingActionSheetController.framework",
				"${BUILT_PRODUCTS_DIR}/KeychainAccess/KeychainAccess.framework",
				"${BUILT_PRODUCTS_DIR}/MKColorPicker/MKColorPicker.framework",
				"${BUILT_PRODUCTS_DIR}/NVActivityIndicatorView/NVActivityIndicatorView.framework",
				"${BUILT_PRODUCTS_DIR}/PopupDialog/PopupDialog.framework",
				"${BUILT_PRODUCTS_DIR}/PromiseKit/PromiseKit.framework",
				"${BUILT_PRODUCTS_DIR}/ScrollableGraphView/ScrollableGraphView.framework",
				"${BUILT_PRODUCTS_DIR}/StatusProvider/StatusProvider.framework",
				"${BUILT_PRODUCTS_DIR}/SwiftyJSON/SwiftyJSON.framework",
				"${BUILT_PRODUCTS_DIR}/TinyConstraints/TinyConstraints.framework",
			);
			name = "[CP] Embed Pods Frameworks";
			outputPaths = (
				"${TARGET_BUILD_DIR}/${FRAMEWORKS_FOLDER_PATH}/Alamofire.framework",
				"${TARGET_BUILD_DIR}/${FRAMEWORKS_FOLDER_PATH}/AlamofireImage.framework",
				"${TARGET_BUILD_DIR}/${FRAMEWORKS_FOLDER_PATH}/DynamicBlurView.framework",
				"${TARGET_BUILD_DIR}/${FRAMEWORKS_FOLDER_PATH}/Eureka.framework",
				"${TARGET_BUILD_DIR}/${FRAMEWORKS_FOLDER_PATH}/FSCalendar.framework",
				"${TARGET_BUILD_DIR}/${FRAMEWORKS_FOLDER_PATH}/FloatingActionSheetController.framework",
				"${TARGET_BUILD_DIR}/${FRAMEWORKS_FOLDER_PATH}/KeychainAccess.framework",
				"${TARGET_BUILD_DIR}/${FRAMEWORKS_FOLDER_PATH}/MKColorPicker.framework",
				"${TARGET_BUILD_DIR}/${FRAMEWORKS_FOLDER_PATH}/NVActivityIndicatorView.framework",
				"${TARGET_BUILD_DIR}/${FRAMEWORKS_FOLDER_PATH}/PopupDialog.framework",
				"${TARGET_BUILD_DIR}/${FRAMEWORKS_FOLDER_PATH}/PromiseKit.framework",
				"${TARGET_BUILD_DIR}/${FRAMEWORKS_FOLDER_PATH}/ScrollableGraphView.framework",
				"${TARGET_BUILD_DIR}/${FRAMEWORKS_FOLDER_PATH}/StatusProvider.framework",
				"${TARGET_BUILD_DIR}/${FRAMEWORKS_FOLDER_PATH}/SwiftyJSON.framework",
				"${TARGET_BUILD_DIR}/${FRAMEWORKS_FOLDER_PATH}/TinyConstraints.framework",
			);
			runOnlyForDeploymentPostprocessing = 0;
			shellPath = /bin/sh;
			shellScript = "\"${SRCROOT}/Pods/Target Support Files/Pods-Shifree/Pods-Shifree-frameworks.sh\"\n";
			showEnvVarsInLog = 0;
		};
		2DAE835E3857073F32AD9C4C /* [CP] Check Pods Manifest.lock */ = {
			isa = PBXShellScriptBuildPhase;
			buildActionMask = 2147483647;
			files = (
			);
			inputPaths = (
				"${PODS_PODFILE_DIR_PATH}/Podfile.lock",
				"${PODS_ROOT}/Manifest.lock",
			);
			name = "[CP] Check Pods Manifest.lock";
			outputPaths = (
				"$(DERIVED_FILE_DIR)/Pods-Shifree-checkManifestLockResult.txt",
			);
			runOnlyForDeploymentPostprocessing = 0;
			shellPath = /bin/sh;
			shellScript = "diff \"${PODS_PODFILE_DIR_PATH}/Podfile.lock\" \"${PODS_ROOT}/Manifest.lock\" > /dev/null\nif [ $? != 0 ] ; then\n    # print error to STDERR\n    echo \"error: The sandbox is not in sync with the Podfile.lock. Run 'pod install' or update your CocoaPods installation.\" >&2\n    exit 1\nfi\n# This output is used by Xcode 'outputs' to avoid re-running this script phase.\necho \"SUCCESS\" > \"${SCRIPT_OUTPUT_FILE_0}\"\n";
			showEnvVarsInLog = 0;
		};
/* End PBXShellScriptBuildPhase section */

/* Begin PBXSourcesBuildPhase section */
		37FF35FF20DD4CFE00FB2C68 /* Sources */ = {
			isa = PBXSourcesBuildPhase;
			buildActionMask = 2147483647;
			files = (
				37C168B420F0308F003A453A /* SalaryViewModel.swift in Sources */,
				37326C4820E14B7500A60B00 /* CalendarViewModel.swift in Sources */,
				3720A2B5216B5E43005E1A4E /* ExportViewEntity.swift in Sources */,
				370A2FFB212DB82600B8082F /* UpdateTitleViewModel.swift in Sources */,
				3765CD6220F0D9140031D235 /* FileBrowseTopViewPresenter.swift in Sources */,
				375519A920E75C7B00EC930B /* CalendarDetailViewEntity.swift in Sources */,
				37C05D352154049E00CFCCEC /* FollowSettingViewPresenter.swift in Sources */,
				379032F820F13F7E00C2534F /* FileBrowseDetailViewEntity.swift in Sources */,
				37DE67B420F6465000DB7EBC /* AddShiftViewPresenter.swift in Sources */,
				3772662A20EA70CE0056D3D0 /* UserListViewEntity.swift in Sources */,
				370A2FFC212DB82600B8082F /* UpdateTitleViewController.swift in Sources */,
				37DE67A420F4797400DB7EBC /* ShiftImportViewPresenter.swift in Sources */,
				370031A420EDE31500813685 /* PopUpColorViewEntity.swift in Sources */,
				37A69B2320E8A0C2004E8C66 /* PasswordViewController.swift in Sources */,
				3790330620F1EA9100C2534F /* EditCommentViewController.swift in Sources */,
				37A69B1A20E89D28004E8C66 /* ShiftCategoryViewController.swift in Sources */,
				37A69B2620E8A0EC004E8C66 /* ColorSchemeViewController.swift in Sources */,
				370A2FFA212DB82600B8082F /* UpdateTitleViewPresenter.swift in Sources */,
				37429339215D3DAD0032066D /* PrivacyPolicyViewModel.swift in Sources */,
				37326C3F20DFD98500A60B00 /* Setting.swift in Sources */,
				37326C3720DE955D00A60B00 /* Utility.swift in Sources */,
				37A69B1820E89D19004E8C66 /* UserListSettingViewController.swift in Sources */,
				37A69B2B20E8D3D6004E8C66 /* UserNameViewPresenter.swift in Sources */,
				37425CC320DE893E005A3C93 /* CalendarViewController.swift in Sources */,
				37FF360720DD4CFE00FB2C68 /* AppDelegate.swift in Sources */,
				37C771AE216DDB2600AC7E9D /* SearchShiftViewPresenter.swift in Sources */,
				374AA6C8215DE99B00E37686 /* ContactViewPresenter.swift in Sources */,
				3765CD7120F0EDCF0031D235 /* FileBrowseTopViewEntity.swift in Sources */,
				370031A220EDE2B600813685 /* ColorSchemeViewPresenter.swift in Sources */,
				3729107620E7EE4C00931BEA /* PopUpColorViewModel.swift in Sources */,
				37326C4620E14B6500A60B00 /* CalendarViewPresenter.swift in Sources */,
				37C168B620F031BE003A453A /* SalaryViewEntity.swift in Sources */,
				37DE67A320F4797400DB7EBC /* ShiftImportViewController.swift in Sources */,
				37C0CCDC20F20B54003D650F /* AddCommentViewPresenter.swift in Sources */,
				37A69B2920E8A162004E8C66 /* SalaryViewController.swift in Sources */,
				375519A620E5BADA00EC930B /* CalendarViewEntity.swift in Sources */,
				3772662920EA70CE0056D3D0 /* UserListSettingViewPresenter.swift in Sources */,
				374AA6C9215DE99B00E37686 /* ContactViewController.swift in Sources */,
				374AA6C7215DE99B00E37686 /* ContactViewModel.swift in Sources */,
				37326C3920DEC79200A60B00 /* Extensions.swift in Sources */,
				37DE67AC20F589C700DB7EBC /* UnknownViewModel.swift in Sources */,
				37A69B0F20E8308C004E8C66 /* UserTopViewController.swift in Sources */,
				3765CD6320F0D9140031D235 /* FileBrowseTopViewController.swift in Sources */,
				37425CBA20DE68AF005A3C93 /* SignUpViewPresenter.swift in Sources */,
				37C168AD20EE82C7003A453A /* ShiftViewEntity.swift in Sources */,
				37A69B3620E97F80004E8C66 /* WageViewEntity.swift in Sources */,
				37DE67BD20F7A44700DB7EBC /* NotificationViewPresenter.swift in Sources */,
				37326C3B20DEC85E00A60B00 /* Enum.swift in Sources */,
				375519A320E50FC700EC930B /* CalendarDetailViewModel.swift in Sources */,
				37425CB620DE568C005A3C93 /* SignUpViewController.swift in Sources */,
				37A69B1420E897AE004E8C66 /* UserTopViewModel.swift in Sources */,
				37A69B3920E986F6004E8C66 /* PasswordViewPresenter.swift in Sources */,
				3742933A215D3DAD0032066D /* PrivacyPolicyViewController.swift in Sources */,
				3765CD6920F0D9D10031D235 /* FileBrowseDetailViewPresenter.swift in Sources */,
				37C168AA20EE82C7003A453A /* ShiftViewPresenter.swift in Sources */,
				37DE67AF20F58A2900DB7EBC /* UnknownViewEntity.swift in Sources */,
				37A69B3320E957F2004E8C66 /* WageViewPresenter.swift in Sources */,
				37C168B020EEB2DA003A453A /* ShiftSettingDetailViewController.swift in Sources */,
				3729107420E7EE3D00931BEA /* PopUpColorViewPresenter.swift in Sources */,
				37A69B1020E8308C004E8C66 /* UserTopViewPresenter.swift in Sources */,
				37DE67BB20F7A44700DB7EBC /* NotificationViewController.swift in Sources */,
				37C0CCDE20F20B54003D650F /* AddCommentViewController.swift in Sources */,
				37C05D332154049E00CFCCEC /* FollowSettingViewController.swift in Sources */,
				37DE67A520F4797400DB7EBC /* ShiftImportViewModel.swift in Sources */,
				378E382C20E9957F003BB689 /* ShiftCategoryViewPresenter.swift in Sources */,
				375519A120E50FB700EC930B /* CalendarDetailViewPresenter.swift in Sources */,
				37C168AB20EE82C7003A453A /* ShiftViewModel.swift in Sources */,
				3720A2B3216B1987005E1A4E /* ExportViewPresenter.swift in Sources */,
				37425CBC20DE700A005A3C93 /* SignUpViewModel.swift in Sources */,
				37C771AF216DDB2600AC7E9D /* SearchShiftViewController.swift in Sources */,
				3765CD6120F0D9140031D235 /* FileBrowseTopViewModel.swift in Sources */,
				37DE67B620F6465000DB7EBC /* AddShiftViewController.swift in Sources */,
				37CC330220EA87320059C8D7 /* UserListSettingDetailViewController.swift in Sources */,
				3765CD6E20F0E7880031D235 /* FileBrowseCell.swift in Sources */,
				3765CD6B20F0D9D10031D235 /* FileBrowseDetailViewModel.swift in Sources */,
				37A69B2D20E8D3E1004E8C66 /* UserNameViewModel.swift in Sources */,
				37DE67AD20F589C700DB7EBC /* UnknownViewController.swift in Sources */,
				37DE67AB20F589C700DB7EBC /* UnknownViewPresenter.swift in Sources */,
				37C771B0216DDB2600AC7E9D /* SearchShiftViewModel.swift in Sources */,
				3720A2B1216B1987005E1A4E /* ExportViewController.swift in Sources */,
				37DE67B520F6465000DB7EBC /* AddShiftViewModel.swift in Sources */,
				378E382B20E9957F003BB689 /* ShiftCategoryViewModel.swift in Sources */,
				3711CDB12139CD57000FFC29 /* Share.swift in Sources */,
				37C168AC20EE82C7003A453A /* ShiftViewController.swift in Sources */,
				378E382E20EA02EC003BB689 /* ShiftCategoryViewEntity.swift in Sources */,
				37A69B3420E957F2004E8C66 /* WageViewModel.swift in Sources */,
				37C0CCDD20F20B54003D650F /* AddCommentViewModel.swift in Sources */,
				3769F6FD20EC960600BA8920 /* UserListViewController.swift in Sources */,
				3790330520F1EA9100C2534F /* EditCommentViewPresenter.swift in Sources */,
				3765CD6A20F0D9D10031D235 /* FileBrowseDetailViewController.swift in Sources */,
				370031A120EDE2B600813685 /* ColorSchemeViewModel.swift in Sources */,
				3755199F20E50F9B00EC930B /* CalendarDetailViewController.swift in Sources */,
				3769F6FC20EC960600BA8920 /* UserListViewPresenter.swift in Sources */,
				379032FB20F1A3F200C2534F /* CommentCell.swift in Sources */,
				37A69B3A20E986F6004E8C66 /* PasswordViewModel.swift in Sources */,
				3772662820EA70CE0056D3D0 /* UserListSettingViewModel.swift in Sources */,
				37C168B320F0308F003A453A /* SalaryViewPresenter.swift in Sources */,
				373F36D820E7CCCD0079B28F /* PopUpColorViewController.swift in Sources */,
				3769F6FB20EC960600BA8920 /* UserListViewModel.swift in Sources */,
				37A69B1D20E8A09A004E8C66 /* WageViewController.swift in Sources */,
				37C05D342154049E00CFCCEC /* FollowSettingViewModel.swift in Sources */,
				3700319D20EDDC2800813685 /* ColorCell.swift in Sources */,
				37A69B2020E8A0B0004E8C66 /* UserNameViewController.swift in Sources */,
				3790330420F1EA9100C2534F /* EditCommentViewModel.swift in Sources */,
				37425CBE20DE70AE005A3C93 /* API.swift in Sources */,
				3720A2B2216B1987005E1A4E /* ExportViewModel.swift in Sources */,
				3742933B215D3DAD0032066D /* PrivacyPolicyViewPresenter.swift in Sources */,
				37DE67BC20F7A44700DB7EBC /* NotificationViewModel.swift in Sources */,
			);
			runOnlyForDeploymentPostprocessing = 0;
		};
/* End PBXSourcesBuildPhase section */

/* Begin PBXVariantGroup section */
		37FF361120DD4D0200FB2C68 /* LaunchScreen.storyboard */ = {
			isa = PBXVariantGroup;
			children = (
				37FF361220DD4D0200FB2C68 /* Base */,
				37DE67A620F4A54200DB7EBC /* ja */,
			);
			name = LaunchScreen.storyboard;
			sourceTree = "<group>";
		};
/* End PBXVariantGroup section */

/* Begin XCBuildConfiguration section */
		37FF361520DD4D0200FB2C68 /* Debug */ = {
			isa = XCBuildConfiguration;
			buildSettings = {
				ALWAYS_SEARCH_USER_PATHS = NO;
				CLANG_ANALYZER_LOCALIZABILITY_NONLOCALIZED = YES;
				CLANG_ANALYZER_NONNULL = YES;
				CLANG_ANALYZER_NUMBER_OBJECT_CONVERSION = YES_AGGRESSIVE;
				CLANG_CXX_LANGUAGE_STANDARD = "gnu++14";
				CLANG_CXX_LIBRARY = "libc++";
				CLANG_ENABLE_MODULES = YES;
				CLANG_ENABLE_OBJC_ARC = YES;
				CLANG_ENABLE_OBJC_WEAK = YES;
				CLANG_WARN_BLOCK_CAPTURE_AUTORELEASING = YES;
				CLANG_WARN_BOOL_CONVERSION = YES;
				CLANG_WARN_COMMA = YES;
				CLANG_WARN_CONSTANT_CONVERSION = YES;
				CLANG_WARN_DEPRECATED_OBJC_IMPLEMENTATIONS = YES;
				CLANG_WARN_DIRECT_OBJC_ISA_USAGE = YES_ERROR;
				CLANG_WARN_DOCUMENTATION_COMMENTS = YES;
				CLANG_WARN_EMPTY_BODY = YES;
				CLANG_WARN_ENUM_CONVERSION = YES;
				CLANG_WARN_INFINITE_RECURSION = YES;
				CLANG_WARN_INT_CONVERSION = YES;
				CLANG_WARN_NON_LITERAL_NULL_CONVERSION = YES;
				CLANG_WARN_OBJC_IMPLICIT_RETAIN_SELF = YES;
				CLANG_WARN_OBJC_LITERAL_CONVERSION = YES;
				CLANG_WARN_OBJC_ROOT_CLASS = YES_ERROR;
				CLANG_WARN_RANGE_LOOP_ANALYSIS = YES;
				CLANG_WARN_STRICT_PROTOTYPES = YES;
				CLANG_WARN_SUSPICIOUS_MOVE = YES;
				CLANG_WARN_UNGUARDED_AVAILABILITY = YES_AGGRESSIVE;
				CLANG_WARN_UNREACHABLE_CODE = YES;
				CLANG_WARN__DUPLICATE_METHOD_MATCH = YES;
				CODE_SIGN_IDENTITY = "iPhone Developer";
				COPY_PHASE_STRIP = NO;
				DEBUG_INFORMATION_FORMAT = dwarf;
				ENABLE_STRICT_OBJC_MSGSEND = YES;
				ENABLE_TESTABILITY = YES;
				GCC_C_LANGUAGE_STANDARD = gnu11;
				GCC_DYNAMIC_NO_PIC = NO;
				GCC_NO_COMMON_BLOCKS = YES;
				GCC_OPTIMIZATION_LEVEL = 0;
				GCC_PREPROCESSOR_DEFINITIONS = (
					"DEBUG=1",
					"$(inherited)",
				);
				GCC_WARN_64_TO_32_BIT_CONVERSION = YES;
				GCC_WARN_ABOUT_RETURN_TYPE = YES_ERROR;
				GCC_WARN_UNDECLARED_SELECTOR = YES;
				GCC_WARN_UNINITIALIZED_AUTOS = YES_AGGRESSIVE;
				GCC_WARN_UNUSED_FUNCTION = YES;
				GCC_WARN_UNUSED_VARIABLE = YES;
				IPHONEOS_DEPLOYMENT_TARGET = 11.4;
				MTL_ENABLE_DEBUG_INFO = YES;
				ONLY_ACTIVE_ARCH = YES;
				SDKROOT = iphoneos;
				SWIFT_ACTIVE_COMPILATION_CONDITIONS = DEBUG;
				SWIFT_OBJC_BRIDGING_HEADER = "";
				SWIFT_OPTIMIZATION_LEVEL = "-Onone";
				SWIFT_VERSION = 3.0;
			};
			name = Debug;
		};
		37FF361620DD4D0200FB2C68 /* Release */ = {
			isa = XCBuildConfiguration;
			buildSettings = {
				ALWAYS_SEARCH_USER_PATHS = NO;
				CLANG_ANALYZER_LOCALIZABILITY_NONLOCALIZED = YES;
				CLANG_ANALYZER_NONNULL = YES;
				CLANG_ANALYZER_NUMBER_OBJECT_CONVERSION = YES_AGGRESSIVE;
				CLANG_CXX_LANGUAGE_STANDARD = "gnu++14";
				CLANG_CXX_LIBRARY = "libc++";
				CLANG_ENABLE_MODULES = YES;
				CLANG_ENABLE_OBJC_ARC = YES;
				CLANG_ENABLE_OBJC_WEAK = YES;
				CLANG_WARN_BLOCK_CAPTURE_AUTORELEASING = YES;
				CLANG_WARN_BOOL_CONVERSION = YES;
				CLANG_WARN_COMMA = YES;
				CLANG_WARN_CONSTANT_CONVERSION = YES;
				CLANG_WARN_DEPRECATED_OBJC_IMPLEMENTATIONS = YES;
				CLANG_WARN_DIRECT_OBJC_ISA_USAGE = YES_ERROR;
				CLANG_WARN_DOCUMENTATION_COMMENTS = YES;
				CLANG_WARN_EMPTY_BODY = YES;
				CLANG_WARN_ENUM_CONVERSION = YES;
				CLANG_WARN_INFINITE_RECURSION = YES;
				CLANG_WARN_INT_CONVERSION = YES;
				CLANG_WARN_NON_LITERAL_NULL_CONVERSION = YES;
				CLANG_WARN_OBJC_IMPLICIT_RETAIN_SELF = YES;
				CLANG_WARN_OBJC_LITERAL_CONVERSION = YES;
				CLANG_WARN_OBJC_ROOT_CLASS = YES_ERROR;
				CLANG_WARN_RANGE_LOOP_ANALYSIS = YES;
				CLANG_WARN_STRICT_PROTOTYPES = YES;
				CLANG_WARN_SUSPICIOUS_MOVE = YES;
				CLANG_WARN_UNGUARDED_AVAILABILITY = YES_AGGRESSIVE;
				CLANG_WARN_UNREACHABLE_CODE = YES;
				CLANG_WARN__DUPLICATE_METHOD_MATCH = YES;
				CODE_SIGN_IDENTITY = "iPhone Developer";
				COPY_PHASE_STRIP = NO;
				DEBUG_INFORMATION_FORMAT = "dwarf-with-dsym";
				ENABLE_NS_ASSERTIONS = NO;
				ENABLE_STRICT_OBJC_MSGSEND = YES;
				GCC_C_LANGUAGE_STANDARD = gnu11;
				GCC_NO_COMMON_BLOCKS = YES;
				GCC_WARN_64_TO_32_BIT_CONVERSION = YES;
				GCC_WARN_ABOUT_RETURN_TYPE = YES_ERROR;
				GCC_WARN_UNDECLARED_SELECTOR = YES;
				GCC_WARN_UNINITIALIZED_AUTOS = YES_AGGRESSIVE;
				GCC_WARN_UNUSED_FUNCTION = YES;
				GCC_WARN_UNUSED_VARIABLE = YES;
				IPHONEOS_DEPLOYMENT_TARGET = 11.4;
				MTL_ENABLE_DEBUG_INFO = NO;
				SDKROOT = iphoneos;
				SWIFT_COMPILATION_MODE = wholemodule;
				SWIFT_OBJC_BRIDGING_HEADER = "";
				SWIFT_OPTIMIZATION_LEVEL = "-O";
				SWIFT_VERSION = 3.0;
				VALIDATE_PRODUCT = YES;
			};
			name = Release;
		};
		37FF361820DD4D0200FB2C68 /* Debug */ = {
			isa = XCBuildConfiguration;
			baseConfigurationReference = 07A5E603DEFA18B1909DC9A8 /* Pods-Shifree.debug.xcconfig */;
			buildSettings = {
				ASSETCATALOG_COMPILER_APPICON_NAME = AppIcon;
				ASSETCATALOG_COMPILER_LAUNCHIMAGE_NAME = LaunchImage;
				CODE_SIGN_ENTITLEMENTS = Shifree/Shifree.entitlements;
				CODE_SIGN_IDENTITY = "iPhone Developer";
				CODE_SIGN_STYLE = Automatic;
				DEBUG_INFORMATION_FORMAT = "dwarf-with-dsym";
				DEVELOPMENT_TEAM = TLVYAZUQZL;
				INFOPLIST_FILE = "$(SRCROOT)/Shifree/Info.plist";
				LD_RUNPATH_SEARCH_PATHS = (
					"$(inherited)",
					"@executable_path/Frameworks",
				);
				PRODUCT_BUNDLE_IDENTIFIER = com.Kenta.Parjob;
				PRODUCT_NAME = "$(TARGET_NAME)";
				PROVISIONING_PROFILE = "";
				PROVISIONING_PROFILE_SPECIFIER = "";
				SWIFT_OBJC_BRIDGING_HEADER = "";
				SWIFT_VERSION = 4.0;
				TARGETED_DEVICE_FAMILY = 1;
			};
			name = Debug;
		};
		37FF361920DD4D0200FB2C68 /* Release */ = {
			isa = XCBuildConfiguration;
			baseConfigurationReference = 7BBF9FB4E098CD9E2ED302ED /* Pods-Shifree.release.xcconfig */;
			buildSettings = {
				ASSETCATALOG_COMPILER_APPICON_NAME = AppIcon;
				ASSETCATALOG_COMPILER_LAUNCHIMAGE_NAME = LaunchImage;
				CODE_SIGN_ENTITLEMENTS = Shifree/Shifree.entitlements;
				CODE_SIGN_IDENTITY = "iPhone Developer";
				CODE_SIGN_STYLE = Automatic;
				DEVELOPMENT_TEAM = TLVYAZUQZL;
				INFOPLIST_FILE = "$(SRCROOT)/Shifree/Info.plist";
				LD_RUNPATH_SEARCH_PATHS = (
					"$(inherited)",
					"@executable_path/Frameworks",
				);
				PRODUCT_BUNDLE_IDENTIFIER = com.Kenta.Parjob;
				PRODUCT_NAME = "$(TARGET_NAME)";
				PROVISIONING_PROFILE = "";
				PROVISIONING_PROFILE_SPECIFIER = "";
				SWIFT_OBJC_BRIDGING_HEADER = "";
				SWIFT_VERSION = 4.0;
				TARGETED_DEVICE_FAMILY = 1;
			};
			name = Release;
		};
/* End XCBuildConfiguration section */

/* Begin XCConfigurationList section */
		37FF35FE20DD4CFE00FB2C68 /* Build configuration list for PBXProject "Shifree" */ = {
			isa = XCConfigurationList;
			buildConfigurations = (
				37FF361520DD4D0200FB2C68 /* Debug */,
				37FF361620DD4D0200FB2C68 /* Release */,
			);
			defaultConfigurationIsVisible = 0;
			defaultConfigurationName = Release;
		};
		37FF361720DD4D0200FB2C68 /* Build configuration list for PBXNativeTarget "Shifree" */ = {
			isa = XCConfigurationList;
			buildConfigurations = (
				37FF361820DD4D0200FB2C68 /* Debug */,
				37FF361920DD4D0200FB2C68 /* Release */,
			);
			defaultConfigurationIsVisible = 0;
			defaultConfigurationName = Release;
		};
/* End XCConfigurationList section */
	};
	rootObject = 37FF35FB20DD4CFE00FB2C68 /* Project object */;
}
