// !$*UTF8*$!
{
	archiveVersion = 1;
	classes = {
	};
	objectVersion = 50;
	objects = {

/* Begin PBXBuildFile section */
		37326C3720DE955D00A60B00 /* Utility.swift in Sources */ = {isa = PBXBuildFile; fileRef = 37326C3620DE955D00A60B00 /* Utility.swift */; };
		37326C3920DEC79200A60B00 /* Extensions.swift in Sources */ = {isa = PBXBuildFile; fileRef = 37326C3820DEC79200A60B00 /* Extensions.swift */; };
		37326C3B20DEC85E00A60B00 /* Enum.swift in Sources */ = {isa = PBXBuildFile; fileRef = 37326C3A20DEC85E00A60B00 /* Enum.swift */; };
		37326C3F20DFD98500A60B00 /* Setting.swift in Sources */ = {isa = PBXBuildFile; fileRef = 37326C3E20DFD98500A60B00 /* Setting.swift */; };
		37326C4620E14B6500A60B00 /* CalendarViewPresenter.swift in Sources */ = {isa = PBXBuildFile; fileRef = 37326C4520E14B6500A60B00 /* CalendarViewPresenter.swift */; };
		37326C4820E14B7500A60B00 /* CalendarViewModel.swift in Sources */ = {isa = PBXBuildFile; fileRef = 37326C4720E14B7500A60B00 /* CalendarViewModel.swift */; };
		37425CB620DE568C005A3C93 /* SignUpViewController.swift in Sources */ = {isa = PBXBuildFile; fileRef = 37425CB520DE568C005A3C93 /* SignUpViewController.swift */; };
		37425CB820DE6064005A3C93 /* Main.storyboard in Resources */ = {isa = PBXBuildFile; fileRef = 37425CB720DE6064005A3C93 /* Main.storyboard */; };
		37425CBA20DE68AF005A3C93 /* SignUpViewPresenter.swift in Sources */ = {isa = PBXBuildFile; fileRef = 37425CB920DE68AF005A3C93 /* SignUpViewPresenter.swift */; };
		37425CBC20DE700A005A3C93 /* SignUpModel.swift in Sources */ = {isa = PBXBuildFile; fileRef = 37425CBB20DE700A005A3C93 /* SignUpModel.swift */; };
		37425CBE20DE70AE005A3C93 /* API.swift in Sources */ = {isa = PBXBuildFile; fileRef = 37425CBD20DE70AE005A3C93 /* API.swift */; };
		37425CC320DE893E005A3C93 /* CalendarViewController.swift in Sources */ = {isa = PBXBuildFile; fileRef = 37425CC220DE893E005A3C93 /* CalendarViewController.swift */; };
		3755199F20E50F9B00EC930B /* CalendarDetailViewController.swift in Sources */ = {isa = PBXBuildFile; fileRef = 3755199E20E50F9B00EC930B /* CalendarDetailViewController.swift */; };
		375519A120E50FB700EC930B /* CalendarDetailViewPresenter.swift in Sources */ = {isa = PBXBuildFile; fileRef = 375519A020E50FB700EC930B /* CalendarDetailViewPresenter.swift */; };
		375519A320E50FC700EC930B /* CalendarDetailViewModel.swift in Sources */ = {isa = PBXBuildFile; fileRef = 375519A220E50FC700EC930B /* CalendarDetailViewModel.swift */; };
		375519A620E5BADA00EC930B /* CalendarEntity.swift in Sources */ = {isa = PBXBuildFile; fileRef = 375519A520E5BADA00EC930B /* CalendarEntity.swift */; };
		37FF360720DD4CFE00FB2C68 /* AppDelegate.swift in Sources */ = {isa = PBXBuildFile; fileRef = 37FF360620DD4CFE00FB2C68 /* AppDelegate.swift */; };
		37FF361020DD4D0200FB2C68 /* Assets.xcassets in Resources */ = {isa = PBXBuildFile; fileRef = 37FF360F20DD4D0200FB2C68 /* Assets.xcassets */; };
		37FF361320DD4D0200FB2C68 /* LaunchScreen.storyboard in Resources */ = {isa = PBXBuildFile; fileRef = 37FF361120DD4D0200FB2C68 /* LaunchScreen.storyboard */; };
		43A1E26FC1D6445963C25E32 /* Pods_Parjob.framework in Frameworks */ = {isa = PBXBuildFile; fileRef = 39257C7396B8369A2011116E /* Pods_Parjob.framework */; };
/* End PBXBuildFile section */

/* Begin PBXFileReference section */
		37326C3620DE955D00A60B00 /* Utility.swift */ = {isa = PBXFileReference; lastKnownFileType = sourcecode.swift; path = Utility.swift; sourceTree = "<group>"; };
		37326C3820DEC79200A60B00 /* Extensions.swift */ = {isa = PBXFileReference; lastKnownFileType = sourcecode.swift; path = Extensions.swift; sourceTree = "<group>"; };
		37326C3A20DEC85E00A60B00 /* Enum.swift */ = {isa = PBXFileReference; lastKnownFileType = sourcecode.swift; path = Enum.swift; sourceTree = "<group>"; };
		37326C3E20DFD98500A60B00 /* Setting.swift */ = {isa = PBXFileReference; lastKnownFileType = sourcecode.swift; path = Setting.swift; sourceTree = "<group>"; };
		37326C4520E14B6500A60B00 /* CalendarViewPresenter.swift */ = {isa = PBXFileReference; lastKnownFileType = sourcecode.swift; path = CalendarViewPresenter.swift; sourceTree = "<group>"; };
		37326C4720E14B7500A60B00 /* CalendarViewModel.swift */ = {isa = PBXFileReference; lastKnownFileType = sourcecode.swift; path = CalendarViewModel.swift; sourceTree = "<group>"; };
		37425CB520DE568C005A3C93 /* SignUpViewController.swift */ = {isa = PBXFileReference; lastKnownFileType = sourcecode.swift; path = SignUpViewController.swift; sourceTree = "<group>"; };
		37425CB720DE6064005A3C93 /* Main.storyboard */ = {isa = PBXFileReference; lastKnownFileType = file.storyboard; path = Main.storyboard; sourceTree = "<group>"; };
		37425CB920DE68AF005A3C93 /* SignUpViewPresenter.swift */ = {isa = PBXFileReference; lastKnownFileType = sourcecode.swift; path = SignUpViewPresenter.swift; sourceTree = "<group>"; };
		37425CBB20DE700A005A3C93 /* SignUpModel.swift */ = {isa = PBXFileReference; lastKnownFileType = sourcecode.swift; path = SignUpModel.swift; sourceTree = "<group>"; };
		37425CBD20DE70AE005A3C93 /* API.swift */ = {isa = PBXFileReference; lastKnownFileType = sourcecode.swift; path = API.swift; sourceTree = "<group>"; };
		37425CC220DE893E005A3C93 /* CalendarViewController.swift */ = {isa = PBXFileReference; lastKnownFileType = sourcecode.swift; path = CalendarViewController.swift; sourceTree = "<group>"; };
		3755199E20E50F9B00EC930B /* CalendarDetailViewController.swift */ = {isa = PBXFileReference; lastKnownFileType = sourcecode.swift; path = CalendarDetailViewController.swift; sourceTree = "<group>"; };
		375519A020E50FB700EC930B /* CalendarDetailViewPresenter.swift */ = {isa = PBXFileReference; lastKnownFileType = sourcecode.swift; path = CalendarDetailViewPresenter.swift; sourceTree = "<group>"; };
		375519A220E50FC700EC930B /* CalendarDetailViewModel.swift */ = {isa = PBXFileReference; lastKnownFileType = sourcecode.swift; path = CalendarDetailViewModel.swift; sourceTree = "<group>"; };
		375519A520E5BADA00EC930B /* CalendarEntity.swift */ = {isa = PBXFileReference; lastKnownFileType = sourcecode.swift; path = CalendarEntity.swift; sourceTree = "<group>"; };
		37FF360320DD4CFE00FB2C68 /* Parjob.app */ = {isa = PBXFileReference; explicitFileType = wrapper.application; includeInIndex = 0; path = Parjob.app; sourceTree = BUILT_PRODUCTS_DIR; };
		37FF360620DD4CFE00FB2C68 /* AppDelegate.swift */ = {isa = PBXFileReference; lastKnownFileType = sourcecode.swift; path = AppDelegate.swift; sourceTree = "<group>"; };
		37FF360F20DD4D0200FB2C68 /* Assets.xcassets */ = {isa = PBXFileReference; lastKnownFileType = folder.assetcatalog; path = Assets.xcassets; sourceTree = "<group>"; };
		37FF361220DD4D0200FB2C68 /* Base */ = {isa = PBXFileReference; lastKnownFileType = file.storyboard; name = Base; path = Base.lproj/LaunchScreen.storyboard; sourceTree = "<group>"; };
		37FF361420DD4D0200FB2C68 /* Info.plist */ = {isa = PBXFileReference; lastKnownFileType = text.plist.xml; path = Info.plist; sourceTree = "<group>"; };
		39257C7396B8369A2011116E /* Pods_Parjob.framework */ = {isa = PBXFileReference; explicitFileType = wrapper.framework; includeInIndex = 0; path = Pods_Parjob.framework; sourceTree = BUILT_PRODUCTS_DIR; };
		4573FE51F909B9ABAEAF2984 /* Pods-Parjob.debug.xcconfig */ = {isa = PBXFileReference; includeInIndex = 1; lastKnownFileType = text.xcconfig; name = "Pods-Parjob.debug.xcconfig"; path = "Pods/Target Support Files/Pods-Parjob/Pods-Parjob.debug.xcconfig"; sourceTree = "<group>"; };
		D39A03DDC2854E31F625E483 /* Pods-Parjob.release.xcconfig */ = {isa = PBXFileReference; includeInIndex = 1; lastKnownFileType = text.xcconfig; name = "Pods-Parjob.release.xcconfig"; path = "Pods/Target Support Files/Pods-Parjob/Pods-Parjob.release.xcconfig"; sourceTree = "<group>"; };
/* End PBXFileReference section */

/* Begin PBXFrameworksBuildPhase section */
		37FF360020DD4CFE00FB2C68 /* Frameworks */ = {
			isa = PBXFrameworksBuildPhase;
			buildActionMask = 2147483647;
			files = (
				43A1E26FC1D6445963C25E32 /* Pods_Parjob.framework in Frameworks */,
			);
			runOnlyForDeploymentPostprocessing = 0;
		};
/* End PBXFrameworksBuildPhase section */

/* Begin PBXGroup section */
		0B234B34A04764123FA6CF5B /* Pods */ = {
			isa = PBXGroup;
			children = (
				4573FE51F909B9ABAEAF2984 /* Pods-Parjob.debug.xcconfig */,
				D39A03DDC2854E31F625E483 /* Pods-Parjob.release.xcconfig */,
			);
			name = Pods;
			sourceTree = "<group>";
		};
		37326C4020DFE32B00A60B00 /* SignUp */ = {
			isa = PBXGroup;
			children = (
				37425CB520DE568C005A3C93 /* SignUpViewController.swift */,
				37425CB920DE68AF005A3C93 /* SignUpViewPresenter.swift */,
				37425CBB20DE700A005A3C93 /* SignUpModel.swift */,
			);
			path = SignUp;
			sourceTree = "<group>";
		};
		37425CC120DE8928005A3C93 /* Calendar */ = {
			isa = PBXGroup;
			children = (
				37425CC220DE893E005A3C93 /* CalendarViewController.swift */,
				37326C4520E14B6500A60B00 /* CalendarViewPresenter.swift */,
				37326C4720E14B7500A60B00 /* CalendarViewModel.swift */,
				375519A520E5BADA00EC930B /* CalendarEntity.swift */,
			);
			path = Calendar;
			sourceTree = "<group>";
		};
		3755199D20E50F5100EC930B /* CalendarDetail */ = {
			isa = PBXGroup;
			children = (
				3755199E20E50F9B00EC930B /* CalendarDetailViewController.swift */,
				375519A020E50FB700EC930B /* CalendarDetailViewPresenter.swift */,
				375519A220E50FC700EC930B /* CalendarDetailViewModel.swift */,
			);
			name = CalendarDetail;
			path = "New Group";
			sourceTree = "<group>";
		};
		37FF35FA20DD4CFE00FB2C68 = {
			isa = PBXGroup;
			children = (
				37FF360520DD4CFE00FB2C68 /* Parjob */,
				37FF360420DD4CFE00FB2C68 /* Products */,
				0B234B34A04764123FA6CF5B /* Pods */,
				AC93BE621A94EEF8F518E25F /* Frameworks */,
			);
			sourceTree = "<group>";
		};
		37FF360420DD4CFE00FB2C68 /* Products */ = {
			isa = PBXGroup;
			children = (
				37FF360320DD4CFE00FB2C68 /* Parjob.app */,
			);
			name = Products;
			sourceTree = "<group>";
		};
		37FF360520DD4CFE00FB2C68 /* Parjob */ = {
			isa = PBXGroup;
			children = (
				37326C4020DFE32B00A60B00 /* SignUp */,
				37425CC120DE8928005A3C93 /* Calendar */,
				3755199D20E50F5100EC930B /* CalendarDetail */,
				37FF360620DD4CFE00FB2C68 /* AppDelegate.swift */,
				37FF360F20DD4D0200FB2C68 /* Assets.xcassets */,
				37FF361120DD4D0200FB2C68 /* LaunchScreen.storyboard */,
				37FF361420DD4D0200FB2C68 /* Info.plist */,
				37425CB720DE6064005A3C93 /* Main.storyboard */,
				37326C3620DE955D00A60B00 /* Utility.swift */,
				37425CBD20DE70AE005A3C93 /* API.swift */,
				37326C3820DEC79200A60B00 /* Extensions.swift */,
				37326C3A20DEC85E00A60B00 /* Enum.swift */,
				37326C3E20DFD98500A60B00 /* Setting.swift */,
			);
			path = Parjob;
			sourceTree = "<group>";
		};
		AC93BE621A94EEF8F518E25F /* Frameworks */ = {
			isa = PBXGroup;
			children = (
				39257C7396B8369A2011116E /* Pods_Parjob.framework */,
			);
			name = Frameworks;
			sourceTree = "<group>";
		};
/* End PBXGroup section */

/* Begin PBXNativeTarget section */
		37FF360220DD4CFE00FB2C68 /* Parjob */ = {
			isa = PBXNativeTarget;
			buildConfigurationList = 37FF361720DD4D0200FB2C68 /* Build configuration list for PBXNativeTarget "Parjob" */;
			buildPhases = (
				2DAE835E3857073F32AD9C4C /* [CP] Check Pods Manifest.lock */,
				37FF35FF20DD4CFE00FB2C68 /* Sources */,
				37FF360020DD4CFE00FB2C68 /* Frameworks */,
				37FF360120DD4CFE00FB2C68 /* Resources */,
				1C3B325437E0F10DD9F040E0 /* [CP] Embed Pods Frameworks */,
			);
			buildRules = (
			);
			dependencies = (
			);
			name = Parjob;
			productName = Parjob;
			productReference = 37FF360320DD4CFE00FB2C68 /* Parjob.app */;
			productType = "com.apple.product-type.application";
		};
/* End PBXNativeTarget section */

/* Begin PBXProject section */
		37FF35FB20DD4CFE00FB2C68 /* Project object */ = {
			isa = PBXProject;
			attributes = {
				LastSwiftUpdateCheck = 0940;
				LastUpgradeCheck = 0940;
				ORGANIZATIONNAME = "Kenta Iwami";
				TargetAttributes = {
					37FF360220DD4CFE00FB2C68 = {
						CreatedOnToolsVersion = 9.4.1;
					};
				};
			};
			buildConfigurationList = 37FF35FE20DD4CFE00FB2C68 /* Build configuration list for PBXProject "Parjob" */;
			compatibilityVersion = "Xcode 9.3";
			developmentRegion = en;
			hasScannedForEncodings = 0;
			knownRegions = (
				en,
				Base,
			);
			mainGroup = 37FF35FA20DD4CFE00FB2C68;
			productRefGroup = 37FF360420DD4CFE00FB2C68 /* Products */;
			projectDirPath = "";
			projectRoot = "";
			targets = (
				37FF360220DD4CFE00FB2C68 /* Parjob */,
			);
		};
/* End PBXProject section */

/* Begin PBXResourcesBuildPhase section */
		37FF360120DD4CFE00FB2C68 /* Resources */ = {
			isa = PBXResourcesBuildPhase;
			buildActionMask = 2147483647;
			files = (
				37425CB820DE6064005A3C93 /* Main.storyboard in Resources */,
				37FF361320DD4D0200FB2C68 /* LaunchScreen.storyboard in Resources */,
				37FF361020DD4D0200FB2C68 /* Assets.xcassets in Resources */,
			);
			runOnlyForDeploymentPostprocessing = 0;
		};
/* End PBXResourcesBuildPhase section */

/* Begin PBXShellScriptBuildPhase section */
		1C3B325437E0F10DD9F040E0 /* [CP] Embed Pods Frameworks */ = {
			isa = PBXShellScriptBuildPhase;
			buildActionMask = 2147483647;
			files = (
			);
			inputPaths = (
				"${SRCROOT}/Pods/Target Support Files/Pods-Parjob/Pods-Parjob-frameworks.sh",
				"${BUILT_PRODUCTS_DIR}/Alamofire/Alamofire.framework",
				"${BUILT_PRODUCTS_DIR}/Eureka/Eureka.framework",
				"${BUILT_PRODUCTS_DIR}/FSCalendar/FSCalendar.framework",
				"${BUILT_PRODUCTS_DIR}/KeychainAccess/KeychainAccess.framework",
				"${BUILT_PRODUCTS_DIR}/PopupDialog/PopupDialog.framework",
				"${BUILT_PRODUCTS_DIR}/PromiseKit/PromiseKit.framework",
				"${BUILT_PRODUCTS_DIR}/SwiftyJSON/SwiftyJSON.framework",
				"${BUILT_PRODUCTS_DIR}/TinyConstraints/TinyConstraints.framework",
			);
			name = "[CP] Embed Pods Frameworks";
			outputPaths = (
				"${TARGET_BUILD_DIR}/${FRAMEWORKS_FOLDER_PATH}/Alamofire.framework",
				"${TARGET_BUILD_DIR}/${FRAMEWORKS_FOLDER_PATH}/Eureka.framework",
				"${TARGET_BUILD_DIR}/${FRAMEWORKS_FOLDER_PATH}/FSCalendar.framework",
				"${TARGET_BUILD_DIR}/${FRAMEWORKS_FOLDER_PATH}/KeychainAccess.framework",
				"${TARGET_BUILD_DIR}/${FRAMEWORKS_FOLDER_PATH}/PopupDialog.framework",
				"${TARGET_BUILD_DIR}/${FRAMEWORKS_FOLDER_PATH}/PromiseKit.framework",
				"${TARGET_BUILD_DIR}/${FRAMEWORKS_FOLDER_PATH}/SwiftyJSON.framework",
				"${TARGET_BUILD_DIR}/${FRAMEWORKS_FOLDER_PATH}/TinyConstraints.framework",
			);
			runOnlyForDeploymentPostprocessing = 0;
			shellPath = /bin/sh;
			shellScript = "\"${SRCROOT}/Pods/Target Support Files/Pods-Parjob/Pods-Parjob-frameworks.sh\"\n";
			showEnvVarsInLog = 0;
		};
		2DAE835E3857073F32AD9C4C /* [CP] Check Pods Manifest.lock */ = {
			isa = PBXShellScriptBuildPhase;
			buildActionMask = 2147483647;
			files = (
			);
			inputPaths = (
				"${PODS_PODFILE_DIR_PATH}/Podfile.lock",
				"${PODS_ROOT}/Manifest.lock",
			);
			name = "[CP] Check Pods Manifest.lock";
			outputPaths = (
				"$(DERIVED_FILE_DIR)/Pods-Parjob-checkManifestLockResult.txt",
			);
			runOnlyForDeploymentPostprocessing = 0;
			shellPath = /bin/sh;
			shellScript = "diff \"${PODS_PODFILE_DIR_PATH}/Podfile.lock\" \"${PODS_ROOT}/Manifest.lock\" > /dev/null\nif [ $? != 0 ] ; then\n    # print error to STDERR\n    echo \"error: The sandbox is not in sync with the Podfile.lock. Run 'pod install' or update your CocoaPods installation.\" >&2\n    exit 1\nfi\n# This output is used by Xcode 'outputs' to avoid re-running this script phase.\necho \"SUCCESS\" > \"${SCRIPT_OUTPUT_FILE_0}\"\n";
			showEnvVarsInLog = 0;
		};
/* End PBXShellScriptBuildPhase section */

/* Begin PBXSourcesBuildPhase section */
		37FF35FF20DD4CFE00FB2C68 /* Sources */ = {
			isa = PBXSourcesBuildPhase;
			buildActionMask = 2147483647;
			files = (
				37326C4820E14B7500A60B00 /* CalendarViewModel.swift in Sources */,
				37326C3F20DFD98500A60B00 /* Setting.swift in Sources */,
				37326C3720DE955D00A60B00 /* Utility.swift in Sources */,
				37425CC320DE893E005A3C93 /* CalendarViewController.swift in Sources */,
				37FF360720DD4CFE00FB2C68 /* AppDelegate.swift in Sources */,
				37326C4620E14B6500A60B00 /* CalendarViewPresenter.swift in Sources */,
				375519A620E5BADA00EC930B /* CalendarEntity.swift in Sources */,
				37326C3920DEC79200A60B00 /* Extensions.swift in Sources */,
				37425CBA20DE68AF005A3C93 /* SignUpViewPresenter.swift in Sources */,
				37326C3B20DEC85E00A60B00 /* Enum.swift in Sources */,
				375519A320E50FC700EC930B /* CalendarDetailViewModel.swift in Sources */,
				37425CB620DE568C005A3C93 /* SignUpViewController.swift in Sources */,
				375519A120E50FB700EC930B /* CalendarDetailViewPresenter.swift in Sources */,
				37425CBC20DE700A005A3C93 /* SignUpModel.swift in Sources */,
				3755199F20E50F9B00EC930B /* CalendarDetailViewController.swift in Sources */,
				37425CBE20DE70AE005A3C93 /* API.swift in Sources */,
			);
			runOnlyForDeploymentPostprocessing = 0;
		};
/* End PBXSourcesBuildPhase section */

/* Begin PBXVariantGroup section */
		37FF361120DD4D0200FB2C68 /* LaunchScreen.storyboard */ = {
			isa = PBXVariantGroup;
			children = (
				37FF361220DD4D0200FB2C68 /* Base */,
			);
			name = LaunchScreen.storyboard;
			sourceTree = "<group>";
		};
/* End PBXVariantGroup section */

/* Begin XCBuildConfiguration section */
		37FF361520DD4D0200FB2C68 /* Debug */ = {
			isa = XCBuildConfiguration;
			buildSettings = {
				ALWAYS_SEARCH_USER_PATHS = NO;
				CLANG_ANALYZER_NONNULL = YES;
				CLANG_ANALYZER_NUMBER_OBJECT_CONVERSION = YES_AGGRESSIVE;
				CLANG_CXX_LANGUAGE_STANDARD = "gnu++14";
				CLANG_CXX_LIBRARY = "libc++";
				CLANG_ENABLE_MODULES = YES;
				CLANG_ENABLE_OBJC_ARC = YES;
				CLANG_ENABLE_OBJC_WEAK = YES;
				CLANG_WARN_BLOCK_CAPTURE_AUTORELEASING = YES;
				CLANG_WARN_BOOL_CONVERSION = YES;
				CLANG_WARN_COMMA = YES;
				CLANG_WARN_CONSTANT_CONVERSION = YES;
				CLANG_WARN_DEPRECATED_OBJC_IMPLEMENTATIONS = YES;
				CLANG_WARN_DIRECT_OBJC_ISA_USAGE = YES_ERROR;
				CLANG_WARN_DOCUMENTATION_COMMENTS = YES;
				CLANG_WARN_EMPTY_BODY = YES;
				CLANG_WARN_ENUM_CONVERSION = YES;
				CLANG_WARN_INFINITE_RECURSION = YES;
				CLANG_WARN_INT_CONVERSION = YES;
				CLANG_WARN_NON_LITERAL_NULL_CONVERSION = YES;
				CLANG_WARN_OBJC_IMPLICIT_RETAIN_SELF = YES;
				CLANG_WARN_OBJC_LITERAL_CONVERSION = YES;
				CLANG_WARN_OBJC_ROOT_CLASS = YES_ERROR;
				CLANG_WARN_RANGE_LOOP_ANALYSIS = YES;
				CLANG_WARN_STRICT_PROTOTYPES = YES;
				CLANG_WARN_SUSPICIOUS_MOVE = YES;
				CLANG_WARN_UNGUARDED_AVAILABILITY = YES_AGGRESSIVE;
				CLANG_WARN_UNREACHABLE_CODE = YES;
				CLANG_WARN__DUPLICATE_METHOD_MATCH = YES;
				CODE_SIGN_IDENTITY = "iPhone Developer";
				COPY_PHASE_STRIP = NO;
				DEBUG_INFORMATION_FORMAT = dwarf;
				ENABLE_STRICT_OBJC_MSGSEND = YES;
				ENABLE_TESTABILITY = YES;
				GCC_C_LANGUAGE_STANDARD = gnu11;
				GCC_DYNAMIC_NO_PIC = NO;
				GCC_NO_COMMON_BLOCKS = YES;
				GCC_OPTIMIZATION_LEVEL = 0;
				GCC_PREPROCESSOR_DEFINITIONS = (
					"DEBUG=1",
					"$(inherited)",
				);
				GCC_WARN_64_TO_32_BIT_CONVERSION = YES;
				GCC_WARN_ABOUT_RETURN_TYPE = YES_ERROR;
				GCC_WARN_UNDECLARED_SELECTOR = YES;
				GCC_WARN_UNINITIALIZED_AUTOS = YES_AGGRESSIVE;
				GCC_WARN_UNUSED_FUNCTION = YES;
				GCC_WARN_UNUSED_VARIABLE = YES;
				IPHONEOS_DEPLOYMENT_TARGET = 11.4;
				MTL_ENABLE_DEBUG_INFO = YES;
				ONLY_ACTIVE_ARCH = YES;
				SDKROOT = iphoneos;
				SWIFT_ACTIVE_COMPILATION_CONDITIONS = DEBUG;
				SWIFT_OBJC_BRIDGING_HEADER = "";
				SWIFT_OPTIMIZATION_LEVEL = "-Onone";
				SWIFT_VERSION = 3.0;
			};
			name = Debug;
		};
		37FF361620DD4D0200FB2C68 /* Release */ = {
			isa = XCBuildConfiguration;
			buildSettings = {
				ALWAYS_SEARCH_USER_PATHS = NO;
				CLANG_ANALYZER_NONNULL = YES;
				CLANG_ANALYZER_NUMBER_OBJECT_CONVERSION = YES_AGGRESSIVE;
				CLANG_CXX_LANGUAGE_STANDARD = "gnu++14";
				CLANG_CXX_LIBRARY = "libc++";
				CLANG_ENABLE_MODULES = YES;
				CLANG_ENABLE_OBJC_ARC = YES;
				CLANG_ENABLE_OBJC_WEAK = YES;
				CLANG_WARN_BLOCK_CAPTURE_AUTORELEASING = YES;
				CLANG_WARN_BOOL_CONVERSION = YES;
				CLANG_WARN_COMMA = YES;
				CLANG_WARN_CONSTANT_CONVERSION = YES;
				CLANG_WARN_DEPRECATED_OBJC_IMPLEMENTATIONS = YES;
				CLANG_WARN_DIRECT_OBJC_ISA_USAGE = YES_ERROR;
				CLANG_WARN_DOCUMENTATION_COMMENTS = YES;
				CLANG_WARN_EMPTY_BODY = YES;
				CLANG_WARN_ENUM_CONVERSION = YES;
				CLANG_WARN_INFINITE_RECURSION = YES;
				CLANG_WARN_INT_CONVERSION = YES;
				CLANG_WARN_NON_LITERAL_NULL_CONVERSION = YES;
				CLANG_WARN_OBJC_IMPLICIT_RETAIN_SELF = YES;
				CLANG_WARN_OBJC_LITERAL_CONVERSION = YES;
				CLANG_WARN_OBJC_ROOT_CLASS = YES_ERROR;
				CLANG_WARN_RANGE_LOOP_ANALYSIS = YES;
				CLANG_WARN_STRICT_PROTOTYPES = YES;
				CLANG_WARN_SUSPICIOUS_MOVE = YES;
				CLANG_WARN_UNGUARDED_AVAILABILITY = YES_AGGRESSIVE;
				CLANG_WARN_UNREACHABLE_CODE = YES;
				CLANG_WARN__DUPLICATE_METHOD_MATCH = YES;
				CODE_SIGN_IDENTITY = "iPhone Developer";
				COPY_PHASE_STRIP = NO;
				DEBUG_INFORMATION_FORMAT = "dwarf-with-dsym";
				ENABLE_NS_ASSERTIONS = NO;
				ENABLE_STRICT_OBJC_MSGSEND = YES;
				GCC_C_LANGUAGE_STANDARD = gnu11;
				GCC_NO_COMMON_BLOCKS = YES;
				GCC_WARN_64_TO_32_BIT_CONVERSION = YES;
				GCC_WARN_ABOUT_RETURN_TYPE = YES_ERROR;
				GCC_WARN_UNDECLARED_SELECTOR = YES;
				GCC_WARN_UNINITIALIZED_AUTOS = YES_AGGRESSIVE;
				GCC_WARN_UNUSED_FUNCTION = YES;
				GCC_WARN_UNUSED_VARIABLE = YES;
				IPHONEOS_DEPLOYMENT_TARGET = 11.4;
				MTL_ENABLE_DEBUG_INFO = NO;
				SDKROOT = iphoneos;
				SWIFT_COMPILATION_MODE = wholemodule;
				SWIFT_OBJC_BRIDGING_HEADER = "";
				SWIFT_OPTIMIZATION_LEVEL = "-O";
				SWIFT_VERSION = 3.0;
				VALIDATE_PRODUCT = YES;
			};
			name = Release;
		};
		37FF361820DD4D0200FB2C68 /* Debug */ = {
			isa = XCBuildConfiguration;
			baseConfigurationReference = 4573FE51F909B9ABAEAF2984 /* Pods-Parjob.debug.xcconfig */;
			buildSettings = {
				ASSETCATALOG_COMPILER_APPICON_NAME = AppIcon;
				CODE_SIGN_STYLE = Automatic;
				DEVELOPMENT_TEAM = TLVYAZUQZL;
				INFOPLIST_FILE = Parjob/Info.plist;
				LD_RUNPATH_SEARCH_PATHS = (
					"$(inherited)",
					"@executable_path/Frameworks",
				);
				PRODUCT_BUNDLE_IDENTIFIER = com.Kenta.Parjob;
				PRODUCT_NAME = "$(TARGET_NAME)";
				SWIFT_OBJC_BRIDGING_HEADER = "";
				SWIFT_VERSION = 3.0;
				TARGETED_DEVICE_FAMILY = 1;
			};
			name = Debug;
		};
		37FF361920DD4D0200FB2C68 /* Release */ = {
			isa = XCBuildConfiguration;
			baseConfigurationReference = D39A03DDC2854E31F625E483 /* Pods-Parjob.release.xcconfig */;
			buildSettings = {
				ASSETCATALOG_COMPILER_APPICON_NAME = AppIcon;
				CODE_SIGN_STYLE = Automatic;
				DEVELOPMENT_TEAM = TLVYAZUQZL;
				INFOPLIST_FILE = Parjob/Info.plist;
				LD_RUNPATH_SEARCH_PATHS = (
					"$(inherited)",
					"@executable_path/Frameworks",
				);
				PRODUCT_BUNDLE_IDENTIFIER = com.Kenta.Parjob;
				PRODUCT_NAME = "$(TARGET_NAME)";
				SWIFT_OBJC_BRIDGING_HEADER = "";
				SWIFT_VERSION = 3.0;
				TARGETED_DEVICE_FAMILY = 1;
			};
			name = Release;
		};
/* End XCBuildConfiguration section */

/* Begin XCConfigurationList section */
		37FF35FE20DD4CFE00FB2C68 /* Build configuration list for PBXProject "Parjob" */ = {
			isa = XCConfigurationList;
			buildConfigurations = (
				37FF361520DD4D0200FB2C68 /* Debug */,
				37FF361620DD4D0200FB2C68 /* Release */,
			);
			defaultConfigurationIsVisible = 0;
			defaultConfigurationName = Release;
		};
		37FF361720DD4D0200FB2C68 /* Build configuration list for PBXNativeTarget "Parjob" */ = {
			isa = XCConfigurationList;
			buildConfigurations = (
				37FF361820DD4D0200FB2C68 /* Debug */,
				37FF361920DD4D0200FB2C68 /* Release */,
			);
			defaultConfigurationIsVisible = 0;
			defaultConfigurationName = Release;
		};
/* End XCConfigurationList section */
	};
	rootObject = 37FF35FB20DD4CFE00FB2C68 /* Project object */;
}
